// !$*UTF8*$!
{
	archiveVersion = 1;
	classes = {
	};
	objectVersion = 50;
	objects = {

/* Begin PBXBuildFile section */
		140ED10C21AE884E00F1D1D2 /* AppDelegate.swift in Sources */ = {isa = PBXBuildFile; fileRef = 140ED10B21AE884E00F1D1D2 /* AppDelegate.swift */; };
		140ED11321AE884F00F1D1D2 /* Assets.xcassets in Resources */ = {isa = PBXBuildFile; fileRef = 140ED11221AE884F00F1D1D2 /* Assets.xcassets */; };
		140ED11621AE884F00F1D1D2 /* LaunchScreen.storyboard in Resources */ = {isa = PBXBuildFile; fileRef = 140ED11421AE884F00F1D1D2 /* LaunchScreen.storyboard */; };
		140ED12121AE884F00F1D1D2 /* RxTravelHereTests.swift in Sources */ = {isa = PBXBuildFile; fileRef = 140ED12021AE884F00F1D1D2 /* RxTravelHereTests.swift */; };
		140ED12C21AE884F00F1D1D2 /* RxTravelHereUITests.swift in Sources */ = {isa = PBXBuildFile; fileRef = 140ED12B21AE884F00F1D1D2 /* RxTravelHereUITests.swift */; };
		140ED14121AE8C8B00F1D1D2 /* log.swift in Sources */ = {isa = PBXBuildFile; fileRef = 140ED14021AE8C8B00F1D1D2 /* log.swift */; };
		140ED14421AE8D9E00F1D1D2 /* Account.View.swift in Sources */ = {isa = PBXBuildFile; fileRef = 140ED14321AE8D9E00F1D1D2 /* Account.View.swift */; };
		140ED14821AE927B00F1D1D2 /* PhoneView.xib in Resources */ = {isa = PBXBuildFile; fileRef = 140ED14721AE927B00F1D1D2 /* PhoneView.xib */; };
		140ED14B21AEB44B00F1D1D2 /* UIView+Ex.swift in Sources */ = {isa = PBXBuildFile; fileRef = 140ED14A21AEB44B00F1D1D2 /* UIView+Ex.swift */; };
		140ED14D21AEB90B00F1D1D2 /* CodeView.xib in Resources */ = {isa = PBXBuildFile; fileRef = 140ED14C21AEB90B00F1D1D2 /* CodeView.xib */; };
		140ED14F21AEC4C900F1D1D2 /* EditInfoView.xib in Resources */ = {isa = PBXBuildFile; fileRef = 140ED14E21AEC4C900F1D1D2 /* EditInfoView.xib */; };
		140ED15421AECECF00F1D1D2 /* UIImage+Ex.swift in Sources */ = {isa = PBXBuildFile; fileRef = 140ED15321AECECF00F1D1D2 /* UIImage+Ex.swift */; };
		140ED15621AECF9000F1D1D2 /* UIButton+Ex.swift in Sources */ = {isa = PBXBuildFile; fileRef = 140ED15521AECF9000F1D1D2 /* UIButton+Ex.swift */; };
		140ED15921AF73F100F1D1D2 /* NameSpace.swift in Sources */ = {isa = PBXBuildFile; fileRef = 140ED15821AF73F100F1D1D2 /* NameSpace.swift */; };
		140ED15C21AF8B8A00F1D1D2 /* Account.Edit.View.swift in Sources */ = {isa = PBXBuildFile; fileRef = 140ED15B21AF8B8A00F1D1D2 /* Account.Edit.View.swift */; };
		140ED15E21AF8BD000F1D1D2 /* Account.Edit.ViewModel.swift in Sources */ = {isa = PBXBuildFile; fileRef = 140ED15D21AF8BD000F1D1D2 /* Account.Edit.ViewModel.swift */; };
		140ED16221AF8D0E00F1D1D2 /* Account.PhoneLogin.View.swift in Sources */ = {isa = PBXBuildFile; fileRef = 140ED16121AF8D0E00F1D1D2 /* Account.PhoneLogin.View.swift */; };
		140ED16421AF8D1800F1D1D2 /* Account.PhoneLogin.ViewModel.swift in Sources */ = {isa = PBXBuildFile; fileRef = 140ED16321AF8D1800F1D1D2 /* Account.PhoneLogin.ViewModel.swift */; };
		140ED16621AF8D2B00F1D1D2 /* Account.ValidateLogin.View.swift in Sources */ = {isa = PBXBuildFile; fileRef = 140ED16521AF8D2B00F1D1D2 /* Account.ValidateLogin.View.swift */; };
		140ED16821AF8D3200F1D1D2 /* Account.ValidateLogin.ViewModel.swift in Sources */ = {isa = PBXBuildFile; fileRef = 140ED16721AF8D3200F1D1D2 /* Account.ValidateLogin.ViewModel.swift */; };
		1427363C21CCD9A3000AA31D /* UserCenter.Interaction.ViewModel.swift in Sources */ = {isa = PBXBuildFile; fileRef = 1427363B21CCD9A3000AA31D /* UserCenter.Interaction.ViewModel.swift */; };
		1427363F21CCDB78000AA31D /* Comment.Model.swift in Sources */ = {isa = PBXBuildFile; fileRef = 1427363E21CCDB78000AA31D /* Comment.Model.swift */; };
		1427364121CCDB92000AA31D /* Comment.NetworkTarget.swift in Sources */ = {isa = PBXBuildFile; fileRef = 1427364021CCDB92000AA31D /* Comment.NetworkTarget.swift */; };
		1427364321CCE48D000AA31D /* UserCenter.Interaction.NetworkTarget.swift in Sources */ = {isa = PBXBuildFile; fileRef = 1427364221CCE48D000AA31D /* UserCenter.Interaction.NetworkTarget.swift */; };
		1427364521CD1141000AA31D /* Record.Show.View.swift in Sources */ = {isa = PBXBuildFile; fileRef = 1427364421CD1141000AA31D /* Record.Show.View.swift */; };
		1427364821CD12C1000AA31D /* Record.Show.ViewModel.swift in Sources */ = {isa = PBXBuildFile; fileRef = 1427364721CD12C1000AA31D /* Record.Show.ViewModel.swift */; };
		1427364B21CD169D000AA31D /* NavBarView.xib in Resources */ = {isa = PBXBuildFile; fileRef = 1427364921CD169D000AA31D /* NavBarView.xib */; };
		1427364C21CD169D000AA31D /* NavBarView.swift in Sources */ = {isa = PBXBuildFile; fileRef = 1427364A21CD169D000AA31D /* NavBarView.swift */; };
		1427364E21CD1731000AA31D /* UIDevice+Ex.swift in Sources */ = {isa = PBXBuildFile; fileRef = 1427364D21CD1731000AA31D /* UIDevice+Ex.swift */; };
		1427365121CD18B6000AA31D /* ImageHeadView.swift in Sources */ = {isa = PBXBuildFile; fileRef = 1427365021CD18B6000AA31D /* ImageHeadView.swift */; };
		1427365721CD18E5000AA31D /* CommentCell.xib in Resources */ = {isa = PBXBuildFile; fileRef = 1427365221CD18E4000AA31D /* CommentCell.xib */; };
		1427365821CD18E5000AA31D /* RecordContentCell.swift in Sources */ = {isa = PBXBuildFile; fileRef = 1427365321CD18E5000AA31D /* RecordContentCell.swift */; };
		1427365921CD18E5000AA31D /* CommentCell.swift in Sources */ = {isa = PBXBuildFile; fileRef = 1427365421CD18E5000AA31D /* CommentCell.swift */; };
		1427365A21CD18E5000AA31D /* CutView.xib in Resources */ = {isa = PBXBuildFile; fileRef = 1427365521CD18E5000AA31D /* CutView.xib */; };
		1427365B21CD18E5000AA31D /* RecordContentCell.xib in Resources */ = {isa = PBXBuildFile; fileRef = 1427365621CD18E5000AA31D /* RecordContentCell.xib */; };
		1427365D21CE714E000AA31D /* CutView.swift in Sources */ = {isa = PBXBuildFile; fileRef = 1427365C21CE714E000AA31D /* CutView.swift */; };
		1427365F21CF4341000AA31D /* Account.Manager.swift in Sources */ = {isa = PBXBuildFile; fileRef = 1427365E21CF4341000AA31D /* Account.Manager.swift */; };
		1427366121CF6672000AA31D /* UITableView+Ex.swift in Sources */ = {isa = PBXBuildFile; fileRef = 1427366021CF6672000AA31D /* UITableView+Ex.swift */; };
		1428891221B3B8710057F79E /* NetworkConfig.swift in Sources */ = {isa = PBXBuildFile; fileRef = 1428891121B3B8710057F79E /* NetworkConfig.swift */; };
		1428891421B3B8BC0057F79E /* NetworkInterface.swift in Sources */ = {isa = PBXBuildFile; fileRef = 1428891321B3B8BC0057F79E /* NetworkInterface.swift */; };
		1428891621B3BCFA0057F79E /* Account.NetworkTarget.swift in Sources */ = {isa = PBXBuildFile; fileRef = 1428891521B3BCFA0057F79E /* Account.NetworkTarget.swift */; };
		1428891821B3C5710057F79E /* NetworkModel.swift in Sources */ = {isa = PBXBuildFile; fileRef = 1428891721B3C5710057F79E /* NetworkModel.swift */; };
		1428891B21B4CB130057F79E /* FileNetworkTarget.swift in Sources */ = {isa = PBXBuildFile; fileRef = 1428891A21B4CB130057F79E /* FileNetworkTarget.swift */; };
		1428891D21B54BC50057F79E /* UIButton+Rx.swift in Sources */ = {isa = PBXBuildFile; fileRef = 1428891C21B54BC50057F79E /* UIButton+Rx.swift */; };
		1428892221B555AC0057F79E /* UIImagePickerController+Rx.swift in Sources */ = {isa = PBXBuildFile; fileRef = 1428892121B555AC0057F79E /* UIImagePickerController+Rx.swift */; };
		1428893821B573B40057F79E /* YYImageClipViewController.m in Sources */ = {isa = PBXBuildFile; fileRef = 1428893521B573B40057F79E /* YYImageClipViewController.m */; };
		1428893A21B5743D0057F79E /* UIViewController+Ex.swift in Sources */ = {isa = PBXBuildFile; fileRef = 1428893921B5743D0057F79E /* UIViewController+Ex.swift */; };
		1428893C21B586910057F79E /* ActionSheetControl.swift in Sources */ = {isa = PBXBuildFile; fileRef = 1428893B21B586910057F79E /* ActionSheetControl.swift */; };
		1428893E21B58BEE0057F79E /* ImagePickerControl.swift in Sources */ = {isa = PBXBuildFile; fileRef = 1428893D21B58BEE0057F79E /* ImagePickerControl.swift */; };
		1428894621B611FF0057F79E /* KingfisherControl.swift in Sources */ = {isa = PBXBuildFile; fileRef = 1428894521B611FF0057F79E /* KingfisherControl.swift */; };
		142A688D21D263CC00221926 /* KingfisherManager+Rx.swift in Sources */ = {isa = PBXBuildFile; fileRef = 142A688C21D263CC00221926 /* KingfisherManager+Rx.swift */; };
		142A688F21D2692F00221926 /* THInputView.swift in Sources */ = {isa = PBXBuildFile; fileRef = 142A688E21D2692F00221926 /* THInputView.swift */; };
		142A689121D269BB00221926 /* THTextView.swift in Sources */ = {isa = PBXBuildFile; fileRef = 142A689021D269BA00221926 /* THTextView.swift */; };
		142A689321D26ADA00221926 /* Notification+Ex.swift in Sources */ = {isa = PBXBuildFile; fileRef = 142A689221D26ADA00221926 /* Notification+Ex.swift */; };
		142A689621D4532F00221926 /* Record.Reply.View.swift in Sources */ = {isa = PBXBuildFile; fileRef = 142A689521D4532F00221926 /* Record.Reply.View.swift */; };
		142A689821D4534000221926 /* Record.Reply.ViewModel.swift in Sources */ = {isa = PBXBuildFile; fileRef = 142A689721D4534000221926 /* Record.Reply.ViewModel.swift */; };
		142A689A21D4568000221926 /* UILabel+Ex.swift in Sources */ = {isa = PBXBuildFile; fileRef = 142A689921D4568000221926 /* UILabel+Ex.swift */; };
		142A689C21D4577C00221926 /* UIImageView+Ex.swift in Sources */ = {isa = PBXBuildFile; fileRef = 142A689B21D4577C00221926 /* UIImageView+Ex.swift */; };
		1434ACB921B002A500A140C4 /* SVProgressHUD+Ex.swift in Sources */ = {isa = PBXBuildFile; fileRef = 1434ACB821B002A500A140C4 /* SVProgressHUD+Ex.swift */; };
		1434ACC721B012CD00A140C4 /* Error.swift in Sources */ = {isa = PBXBuildFile; fileRef = 1434ACC621B012CD00A140C4 /* Error.swift */; };
		1434ACC921B0224A00A140C4 /* Account.Model.swift in Sources */ = {isa = PBXBuildFile; fileRef = 1434ACC821B0224A00A140C4 /* Account.Model.swift */; };
		143DB46A21B6B6DF001F57E1 /* ImageClipControl.swift in Sources */ = {isa = PBXBuildFile; fileRef = 143DB46921B6B6DF001F57E1 /* ImageClipControl.swift */; };
		143DB46C21B6B790001F57E1 /* YYImagePickerController+Rx.swift in Sources */ = {isa = PBXBuildFile; fileRef = 143DB46B21B6B790001F57E1 /* YYImagePickerController+Rx.swift */; };
		14590DF921C54E3D00843EBA /* Record.NetworkTarget.swift in Sources */ = {isa = PBXBuildFile; fileRef = 14590DF821C54E3D00843EBA /* Record.NetworkTarget.swift */; };
		14590DFB21C5524500843EBA /* NetworkPlugin.swift in Sources */ = {isa = PBXBuildFile; fileRef = 14590DFA21C5524500843EBA /* NetworkPlugin.swift */; };
		14590E2E21C7300F00843EBA /* UserCenter.View.swift in Sources */ = {isa = PBXBuildFile; fileRef = 14590E2D21C7300F00843EBA /* UserCenter.View.swift */; };
		14590E3021C7301900843EBA /* UserCenter.ViewModel.swift in Sources */ = {isa = PBXBuildFile; fileRef = 14590E2F21C7301900843EBA /* UserCenter.ViewModel.swift */; };
		14590E3321C730A500843EBA /* UserCenterView.swift in Sources */ = {isa = PBXBuildFile; fileRef = 14590E3221C730A500843EBA /* UserCenterView.swift */; };
		14590E3521C730B000843EBA /* UserCenterView.xib in Resources */ = {isa = PBXBuildFile; fileRef = 14590E3421C730B000843EBA /* UserCenterView.xib */; };
		14590E3A21C7313400843EBA /* LPSliderView.swift in Sources */ = {isa = PBXBuildFile; fileRef = 14590E3821C7313400843EBA /* LPSliderView.swift */; };
		14590E3B21C7313400843EBA /* RedPointView.swift in Sources */ = {isa = PBXBuildFile; fileRef = 14590E3921C7313400843EBA /* RedPointView.swift */; };
		14590E3D21C7337600843EBA /* UserCenter.MyRecord.View.swift in Sources */ = {isa = PBXBuildFile; fileRef = 14590E3C21C7337600843EBA /* UserCenter.MyRecord.View.swift */; };
		14590E3F21C7339A00843EBA /* UserCenter.Interaction.View.swift in Sources */ = {isa = PBXBuildFile; fileRef = 14590E3E21C7339A00843EBA /* UserCenter.Interaction.View.swift */; };
		14590E4121C78C4B00843EBA /* TouchBigBtn.swift in Sources */ = {isa = PBXBuildFile; fileRef = 14590E4021C78C4B00843EBA /* TouchBigBtn.swift */; };
		14590E4921C7F0B300843EBA /* RecordCell.swift in Sources */ = {isa = PBXBuildFile; fileRef = 14590E4421C7F0B200843EBA /* RecordCell.swift */; };
		14590E4A21C7F0B300843EBA /* EmptyView.swift in Sources */ = {isa = PBXBuildFile; fileRef = 14590E4521C7F0B200843EBA /* EmptyView.swift */; };
		14590E4B21C7F0B300843EBA /* RecordCell.xib in Resources */ = {isa = PBXBuildFile; fileRef = 14590E4621C7F0B200843EBA /* RecordCell.xib */; };
		14590E4C21C7F0B300843EBA /* InteractionCell.xib in Resources */ = {isa = PBXBuildFile; fileRef = 14590E4721C7F0B300843EBA /* InteractionCell.xib */; };
		14590E4D21C7F0B300843EBA /* InteractionCell.swift in Sources */ = {isa = PBXBuildFile; fileRef = 14590E4821C7F0B300843EBA /* InteractionCell.swift */; };
		14590E5121C7F3CA00843EBA /* UserCenter.Interaction.Model.swift in Sources */ = {isa = PBXBuildFile; fileRef = 14590E5021C7F3CA00843EBA /* UserCenter.Interaction.Model.swift */; };
		14590E5321C88EEC00843EBA /* UserCenter.MyRecord.ViewModel.swift in Sources */ = {isa = PBXBuildFile; fileRef = 14590E5221C88EEC00843EBA /* UserCenter.MyRecord.ViewModel.swift */; };
		146A6C4C21B7D3260066732C /* UserDefaults+Ex.swift in Sources */ = {isa = PBXBuildFile; fileRef = 146A6C4B21B7D3260066732C /* UserDefaults+Ex.swift */; };
		146A6C4F21B7D3EE0066732C /* Home.View.swift in Sources */ = {isa = PBXBuildFile; fileRef = 146A6C4E21B7D3EE0066732C /* Home.View.swift */; };
		146A6C5121B7D4090066732C /* Home.ViewModel.swift in Sources */ = {isa = PBXBuildFile; fileRef = 146A6C5021B7D4090066732C /* Home.ViewModel.swift */; };
		146A6C5321B7D44B0066732C /* MainNavigationController.swift in Sources */ = {isa = PBXBuildFile; fileRef = 146A6C5221B7D44B0066732C /* MainNavigationController.swift */; };
		146A6C5521B7D57E0066732C /* Home.Annotation.swift in Sources */ = {isa = PBXBuildFile; fileRef = 146A6C5421B7D57E0066732C /* Home.Annotation.swift */; };
		146A6C5721B7D5B40066732C /* HomeView.xib in Resources */ = {isa = PBXBuildFile; fileRef = 146A6C5621B7D5B40066732C /* HomeView.xib */; };
		146A6C5921B7DF070066732C /* MapSetting.bundle in Resources */ = {isa = PBXBuildFile; fileRef = 146A6C5821B7DF070066732C /* MapSetting.bundle */; };
		146A6C6621B7ECF30066732C /* Date+Ex.swift in Sources */ = {isa = PBXBuildFile; fileRef = 146A6C6521B7ECF30066732C /* Date+Ex.swift */; };
		146A6C6921B7ED5E0066732C /* Record.Model.swift in Sources */ = {isa = PBXBuildFile; fileRef = 146A6C6821B7ED5E0066732C /* Record.Model.swift */; };
		146A6C7021BA927B0066732C /* UserAnnotationView.swift in Sources */ = {isa = PBXBuildFile; fileRef = 146A6C6F21BA927B0066732C /* UserAnnotationView.swift */; };
		146A6C7221BA93950066732C /* AnnotationView.swift in Sources */ = {isa = PBXBuildFile; fileRef = 146A6C7121BA93950066732C /* AnnotationView.swift */; };
		146A6C7421BA97560066732C /* HomeView.swift in Sources */ = {isa = PBXBuildFile; fileRef = 146A6C7321BA97560066732C /* HomeView.swift */; };
		146A6C7621BA97860066732C /* MAMapView+Ex.swift in Sources */ = {isa = PBXBuildFile; fileRef = 146A6C7521BA97860066732C /* MAMapView+Ex.swift */; };
		146A6C7821BA99AE0066732C /* CLLocationManager+Ex.swift in Sources */ = {isa = PBXBuildFile; fileRef = 146A6C7721BA99AE0066732C /* CLLocationManager+Ex.swift */; };
		146A6C7A21BAB2770066732C /* MAMapView+Rx.swift in Sources */ = {isa = PBXBuildFile; fileRef = 146A6C7921BAB2770066732C /* MAMapView+Rx.swift */; };
		1495D49E21D4CABF00EE506F /* THInputView+Rx.swift in Sources */ = {isa = PBXBuildFile; fileRef = 1495D49D21D4CABF00EE506F /* THInputView+Rx.swift */; };
		1495D4A121D4FC9B00EE506F /* Record.Edit.ViewModel.swift in Sources */ = {isa = PBXBuildFile; fileRef = 1495D4A021D4FC9B00EE506F /* Record.Edit.ViewModel.swift */; };
		1495D4A321D4FCAD00EE506F /* Record.Edit.View.swift in Sources */ = {isa = PBXBuildFile; fileRef = 1495D4A221D4FCAD00EE506F /* Record.Edit.View.swift */; };
		1495D4A621D5A79500EE506F /* EditView.swift in Sources */ = {isa = PBXBuildFile; fileRef = 1495D4A521D5A79500EE506F /* EditView.swift */; };
		1495D4A821D5A7CC00EE506F /* EditView.xib in Resources */ = {isa = PBXBuildFile; fileRef = 1495D4A721D5A7CC00EE506F /* EditView.xib */; };
		1495D4AA21D6434100EE506F /* ShapeTypeCell.swift in Sources */ = {isa = PBXBuildFile; fileRef = 1495D4A921D6434100EE506F /* ShapeTypeCell.swift */; };
		1495D4AD21D6575B00EE506F /* ShapeTypeCell.xib in Resources */ = {isa = PBXBuildFile; fileRef = 1495D4AC21D6575A00EE506F /* ShapeTypeCell.xib */; };
		14ED87DD21C8F71A0019F861 /* MJRefresh+Rx.swift in Sources */ = {isa = PBXBuildFile; fileRef = 14ED87DC21C8F71A0019F861 /* MJRefresh+Rx.swift */; };
		14ED87E021CB3DCB0019F861 /* UIViewController+Rx.swift in Sources */ = {isa = PBXBuildFile; fileRef = 14ED87DF21CB3DCB0019F861 /* UIViewController+Rx.swift */; };
		6651C8CDC1021B3CDEEFC508 /* Pods_RxTravelHere.framework in Frameworks */ = {isa = PBXBuildFile; fileRef = D3E8D2174BF8E6DCAA4DE9F1 /* Pods_RxTravelHere.framework */; };
		67D330B13DF060220C3DE011 /* Pods_RxTravelHereUITests.framework in Frameworks */ = {isa = PBXBuildFile; fileRef = 9DBC54C19255EB117EF3E973 /* Pods_RxTravelHereUITests.framework */; };
		C2FE0C21049B34BAD0C95D71 /* Pods_RxTravelHereTests.framework in Frameworks */ = {isa = PBXBuildFile; fileRef = 9665BF2A665CBE6CF36DF11D /* Pods_RxTravelHereTests.framework */; };
/* End PBXBuildFile section */

/* Begin PBXContainerItemProxy section */
		140ED11D21AE884F00F1D1D2 /* PBXContainerItemProxy */ = {
			isa = PBXContainerItemProxy;
			containerPortal = 140ED10021AE884E00F1D1D2 /* Project object */;
			proxyType = 1;
			remoteGlobalIDString = 140ED10721AE884E00F1D1D2;
			remoteInfo = RxTravelHere;
		};
		140ED12821AE884F00F1D1D2 /* PBXContainerItemProxy */ = {
			isa = PBXContainerItemProxy;
			containerPortal = 140ED10021AE884E00F1D1D2 /* Project object */;
			proxyType = 1;
			remoteGlobalIDString = 140ED10721AE884E00F1D1D2;
			remoteInfo = RxTravelHere;
		};
/* End PBXContainerItemProxy section */

/* Begin PBXFileReference section */
		140ED10821AE884E00F1D1D2 /* RxTravelHere.app */ = {isa = PBXFileReference; explicitFileType = wrapper.application; includeInIndex = 0; path = RxTravelHere.app; sourceTree = BUILT_PRODUCTS_DIR; };
		140ED10B21AE884E00F1D1D2 /* AppDelegate.swift */ = {isa = PBXFileReference; lastKnownFileType = sourcecode.swift; path = AppDelegate.swift; sourceTree = "<group>"; };
		140ED11221AE884F00F1D1D2 /* Assets.xcassets */ = {isa = PBXFileReference; lastKnownFileType = folder.assetcatalog; path = Assets.xcassets; sourceTree = "<group>"; };
		140ED11521AE884F00F1D1D2 /* Base */ = {isa = PBXFileReference; lastKnownFileType = file.storyboard; name = Base; path = Base.lproj/LaunchScreen.storyboard; sourceTree = "<group>"; };
		140ED11721AE884F00F1D1D2 /* Info.plist */ = {isa = PBXFileReference; lastKnownFileType = text.plist.xml; path = Info.plist; sourceTree = "<group>"; };
		140ED11C21AE884F00F1D1D2 /* RxTravelHereTests.xctest */ = {isa = PBXFileReference; explicitFileType = wrapper.cfbundle; includeInIndex = 0; path = RxTravelHereTests.xctest; sourceTree = BUILT_PRODUCTS_DIR; };
		140ED12021AE884F00F1D1D2 /* RxTravelHereTests.swift */ = {isa = PBXFileReference; lastKnownFileType = sourcecode.swift; path = RxTravelHereTests.swift; sourceTree = "<group>"; };
		140ED12221AE884F00F1D1D2 /* Info.plist */ = {isa = PBXFileReference; lastKnownFileType = text.plist.xml; path = Info.plist; sourceTree = "<group>"; };
		140ED12721AE884F00F1D1D2 /* RxTravelHereUITests.xctest */ = {isa = PBXFileReference; explicitFileType = wrapper.cfbundle; includeInIndex = 0; path = RxTravelHereUITests.xctest; sourceTree = BUILT_PRODUCTS_DIR; };
		140ED12B21AE884F00F1D1D2 /* RxTravelHereUITests.swift */ = {isa = PBXFileReference; lastKnownFileType = sourcecode.swift; path = RxTravelHereUITests.swift; sourceTree = "<group>"; };
		140ED12D21AE884F00F1D1D2 /* Info.plist */ = {isa = PBXFileReference; lastKnownFileType = text.plist.xml; path = Info.plist; sourceTree = "<group>"; };
		140ED14021AE8C8B00F1D1D2 /* log.swift */ = {isa = PBXFileReference; lastKnownFileType = sourcecode.swift; path = log.swift; sourceTree = "<group>"; };
		140ED14321AE8D9E00F1D1D2 /* Account.View.swift */ = {isa = PBXFileReference; lastKnownFileType = sourcecode.swift; path = Account.View.swift; sourceTree = "<group>"; };
		140ED14721AE927B00F1D1D2 /* PhoneView.xib */ = {isa = PBXFileReference; lastKnownFileType = file.xib; path = PhoneView.xib; sourceTree = "<group>"; };
		140ED14A21AEB44B00F1D1D2 /* UIView+Ex.swift */ = {isa = PBXFileReference; lastKnownFileType = sourcecode.swift; path = "UIView+Ex.swift"; sourceTree = "<group>"; };
		140ED14C21AEB90B00F1D1D2 /* CodeView.xib */ = {isa = PBXFileReference; lastKnownFileType = file.xib; path = CodeView.xib; sourceTree = "<group>"; };
		140ED14E21AEC4C900F1D1D2 /* EditInfoView.xib */ = {isa = PBXFileReference; lastKnownFileType = file.xib; path = EditInfoView.xib; sourceTree = "<group>"; };
		140ED15321AECECF00F1D1D2 /* UIImage+Ex.swift */ = {isa = PBXFileReference; fileEncoding = 4; lastKnownFileType = sourcecode.swift; path = "UIImage+Ex.swift"; sourceTree = "<group>"; };
		140ED15521AECF9000F1D1D2 /* UIButton+Ex.swift */ = {isa = PBXFileReference; fileEncoding = 4; lastKnownFileType = sourcecode.swift; path = "UIButton+Ex.swift"; sourceTree = "<group>"; };
		140ED15821AF73F100F1D1D2 /* NameSpace.swift */ = {isa = PBXFileReference; lastKnownFileType = sourcecode.swift; path = NameSpace.swift; sourceTree = "<group>"; };
		140ED15B21AF8B8A00F1D1D2 /* Account.Edit.View.swift */ = {isa = PBXFileReference; lastKnownFileType = sourcecode.swift; path = Account.Edit.View.swift; sourceTree = "<group>"; };
		140ED15D21AF8BD000F1D1D2 /* Account.Edit.ViewModel.swift */ = {isa = PBXFileReference; lastKnownFileType = sourcecode.swift; path = Account.Edit.ViewModel.swift; sourceTree = "<group>"; };
		140ED16121AF8D0E00F1D1D2 /* Account.PhoneLogin.View.swift */ = {isa = PBXFileReference; lastKnownFileType = sourcecode.swift; path = Account.PhoneLogin.View.swift; sourceTree = "<group>"; };
		140ED16321AF8D1800F1D1D2 /* Account.PhoneLogin.ViewModel.swift */ = {isa = PBXFileReference; lastKnownFileType = sourcecode.swift; path = Account.PhoneLogin.ViewModel.swift; sourceTree = "<group>"; };
		140ED16521AF8D2B00F1D1D2 /* Account.ValidateLogin.View.swift */ = {isa = PBXFileReference; lastKnownFileType = sourcecode.swift; path = Account.ValidateLogin.View.swift; sourceTree = "<group>"; };
		140ED16721AF8D3200F1D1D2 /* Account.ValidateLogin.ViewModel.swift */ = {isa = PBXFileReference; lastKnownFileType = sourcecode.swift; path = Account.ValidateLogin.ViewModel.swift; sourceTree = "<group>"; };
		1427363B21CCD9A3000AA31D /* UserCenter.Interaction.ViewModel.swift */ = {isa = PBXFileReference; lastKnownFileType = sourcecode.swift; path = UserCenter.Interaction.ViewModel.swift; sourceTree = "<group>"; };
		1427363E21CCDB78000AA31D /* Comment.Model.swift */ = {isa = PBXFileReference; lastKnownFileType = sourcecode.swift; path = Comment.Model.swift; sourceTree = "<group>"; };
		1427364021CCDB92000AA31D /* Comment.NetworkTarget.swift */ = {isa = PBXFileReference; lastKnownFileType = sourcecode.swift; path = Comment.NetworkTarget.swift; sourceTree = "<group>"; };
		1427364221CCE48D000AA31D /* UserCenter.Interaction.NetworkTarget.swift */ = {isa = PBXFileReference; lastKnownFileType = sourcecode.swift; path = UserCenter.Interaction.NetworkTarget.swift; sourceTree = "<group>"; };
		1427364421CD1141000AA31D /* Record.Show.View.swift */ = {isa = PBXFileReference; lastKnownFileType = sourcecode.swift; path = Record.Show.View.swift; sourceTree = "<group>"; };
		1427364721CD12C1000AA31D /* Record.Show.ViewModel.swift */ = {isa = PBXFileReference; lastKnownFileType = sourcecode.swift; path = Record.Show.ViewModel.swift; sourceTree = "<group>"; };
		1427364921CD169D000AA31D /* NavBarView.xib */ = {isa = PBXFileReference; fileEncoding = 4; lastKnownFileType = file.xib; path = NavBarView.xib; sourceTree = "<group>"; };
		1427364A21CD169D000AA31D /* NavBarView.swift */ = {isa = PBXFileReference; fileEncoding = 4; lastKnownFileType = sourcecode.swift; path = NavBarView.swift; sourceTree = "<group>"; };
		1427364D21CD1731000AA31D /* UIDevice+Ex.swift */ = {isa = PBXFileReference; fileEncoding = 4; lastKnownFileType = sourcecode.swift; path = "UIDevice+Ex.swift"; sourceTree = "<group>"; };
		1427365021CD18B6000AA31D /* ImageHeadView.swift */ = {isa = PBXFileReference; fileEncoding = 4; lastKnownFileType = sourcecode.swift; path = ImageHeadView.swift; sourceTree = "<group>"; };
		1427365221CD18E4000AA31D /* CommentCell.xib */ = {isa = PBXFileReference; fileEncoding = 4; lastKnownFileType = file.xib; path = CommentCell.xib; sourceTree = "<group>"; };
		1427365321CD18E5000AA31D /* RecordContentCell.swift */ = {isa = PBXFileReference; fileEncoding = 4; lastKnownFileType = sourcecode.swift; path = RecordContentCell.swift; sourceTree = "<group>"; };
		1427365421CD18E5000AA31D /* CommentCell.swift */ = {isa = PBXFileReference; fileEncoding = 4; lastKnownFileType = sourcecode.swift; path = CommentCell.swift; sourceTree = "<group>"; };
		1427365521CD18E5000AA31D /* CutView.xib */ = {isa = PBXFileReference; fileEncoding = 4; lastKnownFileType = file.xib; path = CutView.xib; sourceTree = "<group>"; };
		1427365621CD18E5000AA31D /* RecordContentCell.xib */ = {isa = PBXFileReference; fileEncoding = 4; lastKnownFileType = file.xib; path = RecordContentCell.xib; sourceTree = "<group>"; };
		1427365C21CE714E000AA31D /* CutView.swift */ = {isa = PBXFileReference; lastKnownFileType = sourcecode.swift; path = CutView.swift; sourceTree = "<group>"; };
		1427365E21CF4341000AA31D /* Account.Manager.swift */ = {isa = PBXFileReference; lastKnownFileType = sourcecode.swift; path = Account.Manager.swift; sourceTree = "<group>"; };
		1427366021CF6672000AA31D /* UITableView+Ex.swift */ = {isa = PBXFileReference; lastKnownFileType = sourcecode.swift; path = "UITableView+Ex.swift"; sourceTree = "<group>"; };
		1428891121B3B8710057F79E /* NetworkConfig.swift */ = {isa = PBXFileReference; lastKnownFileType = sourcecode.swift; path = NetworkConfig.swift; sourceTree = "<group>"; };
		1428891321B3B8BC0057F79E /* NetworkInterface.swift */ = {isa = PBXFileReference; lastKnownFileType = sourcecode.swift; path = NetworkInterface.swift; sourceTree = "<group>"; };
		1428891521B3BCFA0057F79E /* Account.NetworkTarget.swift */ = {isa = PBXFileReference; lastKnownFileType = sourcecode.swift; path = Account.NetworkTarget.swift; sourceTree = "<group>"; };
		1428891721B3C5710057F79E /* NetworkModel.swift */ = {isa = PBXFileReference; lastKnownFileType = sourcecode.swift; path = NetworkModel.swift; sourceTree = "<group>"; };
		1428891A21B4CB130057F79E /* FileNetworkTarget.swift */ = {isa = PBXFileReference; lastKnownFileType = sourcecode.swift; path = FileNetworkTarget.swift; sourceTree = "<group>"; };
		1428891C21B54BC50057F79E /* UIButton+Rx.swift */ = {isa = PBXFileReference; lastKnownFileType = sourcecode.swift; path = "UIButton+Rx.swift"; sourceTree = "<group>"; };
		1428892121B555AC0057F79E /* UIImagePickerController+Rx.swift */ = {isa = PBXFileReference; lastKnownFileType = sourcecode.swift; path = "UIImagePickerController+Rx.swift"; sourceTree = "<group>"; };
		1428892F21B5739E0057F79E /* RxTravelHere-Bridging-Header.h */ = {isa = PBXFileReference; lastKnownFileType = sourcecode.c.h; path = "RxTravelHere-Bridging-Header.h"; sourceTree = "<group>"; };
		1428893521B573B40057F79E /* YYImageClipViewController.m */ = {isa = PBXFileReference; fileEncoding = 4; lastKnownFileType = sourcecode.c.objc; path = YYImageClipViewController.m; sourceTree = "<group>"; };
		1428893621B573B40057F79E /* YYImageClipViewController.h */ = {isa = PBXFileReference; fileEncoding = 4; lastKnownFileType = sourcecode.c.h; path = YYImageClipViewController.h; sourceTree = "<group>"; };
		1428893921B5743D0057F79E /* UIViewController+Ex.swift */ = {isa = PBXFileReference; fileEncoding = 4; lastKnownFileType = sourcecode.swift; path = "UIViewController+Ex.swift"; sourceTree = "<group>"; };
		1428893B21B586910057F79E /* ActionSheetControl.swift */ = {isa = PBXFileReference; lastKnownFileType = sourcecode.swift; path = ActionSheetControl.swift; sourceTree = "<group>"; };
		1428893D21B58BEE0057F79E /* ImagePickerControl.swift */ = {isa = PBXFileReference; lastKnownFileType = sourcecode.swift; path = ImagePickerControl.swift; sourceTree = "<group>"; };
		1428894521B611FF0057F79E /* KingfisherControl.swift */ = {isa = PBXFileReference; lastKnownFileType = sourcecode.swift; path = KingfisherControl.swift; sourceTree = "<group>"; };
		142A688C21D263CC00221926 /* KingfisherManager+Rx.swift */ = {isa = PBXFileReference; lastKnownFileType = sourcecode.swift; path = "KingfisherManager+Rx.swift"; sourceTree = "<group>"; };
		142A688E21D2692F00221926 /* THInputView.swift */ = {isa = PBXFileReference; fileEncoding = 4; lastKnownFileType = sourcecode.swift; path = THInputView.swift; sourceTree = "<group>"; };
		142A689021D269BA00221926 /* THTextView.swift */ = {isa = PBXFileReference; fileEncoding = 4; lastKnownFileType = sourcecode.swift; path = THTextView.swift; sourceTree = "<group>"; };
		142A689221D26ADA00221926 /* Notification+Ex.swift */ = {isa = PBXFileReference; fileEncoding = 4; lastKnownFileType = sourcecode.swift; path = "Notification+Ex.swift"; sourceTree = "<group>"; };
		142A689521D4532F00221926 /* Record.Reply.View.swift */ = {isa = PBXFileReference; lastKnownFileType = sourcecode.swift; path = Record.Reply.View.swift; sourceTree = "<group>"; };
		142A689721D4534000221926 /* Record.Reply.ViewModel.swift */ = {isa = PBXFileReference; lastKnownFileType = sourcecode.swift; path = Record.Reply.ViewModel.swift; sourceTree = "<group>"; };
		142A689921D4568000221926 /* UILabel+Ex.swift */ = {isa = PBXFileReference; lastKnownFileType = sourcecode.swift; path = "UILabel+Ex.swift"; sourceTree = "<group>"; };
		142A689B21D4577C00221926 /* UIImageView+Ex.swift */ = {isa = PBXFileReference; lastKnownFileType = sourcecode.swift; path = "UIImageView+Ex.swift"; sourceTree = "<group>"; };
		1434ACB821B002A500A140C4 /* SVProgressHUD+Ex.swift */ = {isa = PBXFileReference; fileEncoding = 4; lastKnownFileType = sourcecode.swift; path = "SVProgressHUD+Ex.swift"; sourceTree = "<group>"; };
		1434ACC621B012CD00A140C4 /* Error.swift */ = {isa = PBXFileReference; lastKnownFileType = sourcecode.swift; path = Error.swift; sourceTree = "<group>"; };
		1434ACC821B0224A00A140C4 /* Account.Model.swift */ = {isa = PBXFileReference; lastKnownFileType = sourcecode.swift; path = Account.Model.swift; sourceTree = "<group>"; };
		143DB46921B6B6DF001F57E1 /* ImageClipControl.swift */ = {isa = PBXFileReference; lastKnownFileType = sourcecode.swift; path = ImageClipControl.swift; sourceTree = "<group>"; };
		143DB46B21B6B790001F57E1 /* YYImagePickerController+Rx.swift */ = {isa = PBXFileReference; lastKnownFileType = sourcecode.swift; path = "YYImagePickerController+Rx.swift"; sourceTree = "<group>"; };
		14590DF821C54E3D00843EBA /* Record.NetworkTarget.swift */ = {isa = PBXFileReference; lastKnownFileType = sourcecode.swift; path = Record.NetworkTarget.swift; sourceTree = "<group>"; };
		14590DFA21C5524500843EBA /* NetworkPlugin.swift */ = {isa = PBXFileReference; lastKnownFileType = sourcecode.swift; path = NetworkPlugin.swift; sourceTree = "<group>"; };
		14590E2D21C7300F00843EBA /* UserCenter.View.swift */ = {isa = PBXFileReference; lastKnownFileType = sourcecode.swift; path = UserCenter.View.swift; sourceTree = "<group>"; };
		14590E2F21C7301900843EBA /* UserCenter.ViewModel.swift */ = {isa = PBXFileReference; lastKnownFileType = sourcecode.swift; path = UserCenter.ViewModel.swift; sourceTree = "<group>"; };
		14590E3221C730A500843EBA /* UserCenterView.swift */ = {isa = PBXFileReference; lastKnownFileType = sourcecode.swift; path = UserCenterView.swift; sourceTree = "<group>"; };
		14590E3421C730B000843EBA /* UserCenterView.xib */ = {isa = PBXFileReference; lastKnownFileType = file.xib; path = UserCenterView.xib; sourceTree = "<group>"; };
		14590E3821C7313400843EBA /* LPSliderView.swift */ = {isa = PBXFileReference; fileEncoding = 4; lastKnownFileType = sourcecode.swift; path = LPSliderView.swift; sourceTree = "<group>"; };
		14590E3921C7313400843EBA /* RedPointView.swift */ = {isa = PBXFileReference; fileEncoding = 4; lastKnownFileType = sourcecode.swift; path = RedPointView.swift; sourceTree = "<group>"; };
		14590E3C21C7337600843EBA /* UserCenter.MyRecord.View.swift */ = {isa = PBXFileReference; lastKnownFileType = sourcecode.swift; path = UserCenter.MyRecord.View.swift; sourceTree = "<group>"; };
		14590E3E21C7339A00843EBA /* UserCenter.Interaction.View.swift */ = {isa = PBXFileReference; lastKnownFileType = sourcecode.swift; path = UserCenter.Interaction.View.swift; sourceTree = "<group>"; };
		14590E4021C78C4B00843EBA /* TouchBigBtn.swift */ = {isa = PBXFileReference; fileEncoding = 4; lastKnownFileType = sourcecode.swift; path = TouchBigBtn.swift; sourceTree = "<group>"; };
		14590E4421C7F0B200843EBA /* RecordCell.swift */ = {isa = PBXFileReference; fileEncoding = 4; lastKnownFileType = sourcecode.swift; path = RecordCell.swift; sourceTree = "<group>"; };
		14590E4521C7F0B200843EBA /* EmptyView.swift */ = {isa = PBXFileReference; fileEncoding = 4; lastKnownFileType = sourcecode.swift; path = EmptyView.swift; sourceTree = "<group>"; };
		14590E4621C7F0B200843EBA /* RecordCell.xib */ = {isa = PBXFileReference; fileEncoding = 4; lastKnownFileType = file.xib; path = RecordCell.xib; sourceTree = "<group>"; };
		14590E4721C7F0B300843EBA /* InteractionCell.xib */ = {isa = PBXFileReference; fileEncoding = 4; lastKnownFileType = file.xib; path = InteractionCell.xib; sourceTree = "<group>"; };
		14590E4821C7F0B300843EBA /* InteractionCell.swift */ = {isa = PBXFileReference; fileEncoding = 4; lastKnownFileType = sourcecode.swift; path = InteractionCell.swift; sourceTree = "<group>"; };
		14590E5021C7F3CA00843EBA /* UserCenter.Interaction.Model.swift */ = {isa = PBXFileReference; lastKnownFileType = sourcecode.swift; path = UserCenter.Interaction.Model.swift; sourceTree = "<group>"; };
		14590E5221C88EEC00843EBA /* UserCenter.MyRecord.ViewModel.swift */ = {isa = PBXFileReference; lastKnownFileType = sourcecode.swift; path = UserCenter.MyRecord.ViewModel.swift; sourceTree = "<group>"; };
		146A6C4B21B7D3260066732C /* UserDefaults+Ex.swift */ = {isa = PBXFileReference; lastKnownFileType = sourcecode.swift; path = "UserDefaults+Ex.swift"; sourceTree = "<group>"; };
		146A6C4E21B7D3EE0066732C /* Home.View.swift */ = {isa = PBXFileReference; lastKnownFileType = sourcecode.swift; path = Home.View.swift; sourceTree = "<group>"; };
		146A6C5021B7D4090066732C /* Home.ViewModel.swift */ = {isa = PBXFileReference; lastKnownFileType = sourcecode.swift; path = Home.ViewModel.swift; sourceTree = "<group>"; };
		146A6C5221B7D44B0066732C /* MainNavigationController.swift */ = {isa = PBXFileReference; lastKnownFileType = sourcecode.swift; path = MainNavigationController.swift; sourceTree = "<group>"; };
		146A6C5421B7D57E0066732C /* Home.Annotation.swift */ = {isa = PBXFileReference; lastKnownFileType = sourcecode.swift; path = Home.Annotation.swift; sourceTree = "<group>"; };
		146A6C5621B7D5B40066732C /* HomeView.xib */ = {isa = PBXFileReference; lastKnownFileType = file.xib; path = HomeView.xib; sourceTree = "<group>"; };
		146A6C5821B7DF070066732C /* MapSetting.bundle */ = {isa = PBXFileReference; lastKnownFileType = "wrapper.plug-in"; path = MapSetting.bundle; sourceTree = "<group>"; };
		146A6C6521B7ECF30066732C /* Date+Ex.swift */ = {isa = PBXFileReference; fileEncoding = 4; lastKnownFileType = sourcecode.swift; path = "Date+Ex.swift"; sourceTree = "<group>"; };
		146A6C6821B7ED5E0066732C /* Record.Model.swift */ = {isa = PBXFileReference; lastKnownFileType = sourcecode.swift; path = Record.Model.swift; sourceTree = "<group>"; };
		146A6C6F21BA927B0066732C /* UserAnnotationView.swift */ = {isa = PBXFileReference; lastKnownFileType = sourcecode.swift; path = UserAnnotationView.swift; sourceTree = "<group>"; };
		146A6C7121BA93950066732C /* AnnotationView.swift */ = {isa = PBXFileReference; lastKnownFileType = sourcecode.swift; path = AnnotationView.swift; sourceTree = "<group>"; };
		146A6C7321BA97560066732C /* HomeView.swift */ = {isa = PBXFileReference; lastKnownFileType = sourcecode.swift; path = HomeView.swift; sourceTree = "<group>"; };
		146A6C7521BA97860066732C /* MAMapView+Ex.swift */ = {isa = PBXFileReference; lastKnownFileType = sourcecode.swift; path = "MAMapView+Ex.swift"; sourceTree = "<group>"; };
		146A6C7721BA99AE0066732C /* CLLocationManager+Ex.swift */ = {isa = PBXFileReference; lastKnownFileType = sourcecode.swift; path = "CLLocationManager+Ex.swift"; sourceTree = "<group>"; };
		146A6C7921BAB2770066732C /* MAMapView+Rx.swift */ = {isa = PBXFileReference; lastKnownFileType = sourcecode.swift; path = "MAMapView+Rx.swift"; sourceTree = "<group>"; };
		1495D49D21D4CABF00EE506F /* THInputView+Rx.swift */ = {isa = PBXFileReference; lastKnownFileType = sourcecode.swift; path = "THInputView+Rx.swift"; sourceTree = "<group>"; };
		1495D4A021D4FC9B00EE506F /* Record.Edit.ViewModel.swift */ = {isa = PBXFileReference; lastKnownFileType = sourcecode.swift; path = Record.Edit.ViewModel.swift; sourceTree = "<group>"; };
		1495D4A221D4FCAD00EE506F /* Record.Edit.View.swift */ = {isa = PBXFileReference; lastKnownFileType = sourcecode.swift; path = Record.Edit.View.swift; sourceTree = "<group>"; };
		1495D4A521D5A79500EE506F /* EditView.swift */ = {isa = PBXFileReference; lastKnownFileType = sourcecode.swift; path = EditView.swift; sourceTree = "<group>"; };
		1495D4A721D5A7CC00EE506F /* EditView.xib */ = {isa = PBXFileReference; lastKnownFileType = file.xib; path = EditView.xib; sourceTree = "<group>"; };
		1495D4A921D6434100EE506F /* ShapeTypeCell.swift */ = {isa = PBXFileReference; lastKnownFileType = sourcecode.swift; path = ShapeTypeCell.swift; sourceTree = "<group>"; };
		1495D4AC21D6575A00EE506F /* ShapeTypeCell.xib */ = {isa = PBXFileReference; lastKnownFileType = file.xib; path = ShapeTypeCell.xib; sourceTree = "<group>"; };
		14ED87DC21C8F71A0019F861 /* MJRefresh+Rx.swift */ = {isa = PBXFileReference; lastKnownFileType = sourcecode.swift; path = "MJRefresh+Rx.swift"; sourceTree = "<group>"; };
		14ED87DF21CB3DCB0019F861 /* UIViewController+Rx.swift */ = {isa = PBXFileReference; lastKnownFileType = sourcecode.swift; path = "UIViewController+Rx.swift"; sourceTree = "<group>"; };
		3A662F8E49B5C849B1E7545A /* Pods-RxTravelHere.release.xcconfig */ = {isa = PBXFileReference; includeInIndex = 1; lastKnownFileType = text.xcconfig; name = "Pods-RxTravelHere.release.xcconfig"; path = "Pods/Target Support Files/Pods-RxTravelHere/Pods-RxTravelHere.release.xcconfig"; sourceTree = "<group>"; };
		4492411006C311772B653288 /* Pods-RxTravelHere.debug.xcconfig */ = {isa = PBXFileReference; includeInIndex = 1; lastKnownFileType = text.xcconfig; name = "Pods-RxTravelHere.debug.xcconfig"; path = "Pods/Target Support Files/Pods-RxTravelHere/Pods-RxTravelHere.debug.xcconfig"; sourceTree = "<group>"; };
		65D6934429BDCC4A3000AB81 /* Pods-RxTravelHereUITests.debug.xcconfig */ = {isa = PBXFileReference; includeInIndex = 1; lastKnownFileType = text.xcconfig; name = "Pods-RxTravelHereUITests.debug.xcconfig"; path = "Pods/Target Support Files/Pods-RxTravelHereUITests/Pods-RxTravelHereUITests.debug.xcconfig"; sourceTree = "<group>"; };
		9665BF2A665CBE6CF36DF11D /* Pods_RxTravelHereTests.framework */ = {isa = PBXFileReference; explicitFileType = wrapper.framework; includeInIndex = 0; path = Pods_RxTravelHereTests.framework; sourceTree = BUILT_PRODUCTS_DIR; };
		9DBC54C19255EB117EF3E973 /* Pods_RxTravelHereUITests.framework */ = {isa = PBXFileReference; explicitFileType = wrapper.framework; includeInIndex = 0; path = Pods_RxTravelHereUITests.framework; sourceTree = BUILT_PRODUCTS_DIR; };
		B25C77DA8BF828631ED9D2B6 /* Pods-RxTravelHereTests.debug.xcconfig */ = {isa = PBXFileReference; includeInIndex = 1; lastKnownFileType = text.xcconfig; name = "Pods-RxTravelHereTests.debug.xcconfig"; path = "Pods/Target Support Files/Pods-RxTravelHereTests/Pods-RxTravelHereTests.debug.xcconfig"; sourceTree = "<group>"; };
		B5FD19806AF7BC16A52C3DDE /* Pods-RxTravelHereTests.release.xcconfig */ = {isa = PBXFileReference; includeInIndex = 1; lastKnownFileType = text.xcconfig; name = "Pods-RxTravelHereTests.release.xcconfig"; path = "Pods/Target Support Files/Pods-RxTravelHereTests/Pods-RxTravelHereTests.release.xcconfig"; sourceTree = "<group>"; };
		D3E8D2174BF8E6DCAA4DE9F1 /* Pods_RxTravelHere.framework */ = {isa = PBXFileReference; explicitFileType = wrapper.framework; includeInIndex = 0; path = Pods_RxTravelHere.framework; sourceTree = BUILT_PRODUCTS_DIR; };
		F814A33A9B186AE9F0AFD3ED /* Pods-RxTravelHereUITests.release.xcconfig */ = {isa = PBXFileReference; includeInIndex = 1; lastKnownFileType = text.xcconfig; name = "Pods-RxTravelHereUITests.release.xcconfig"; path = "Pods/Target Support Files/Pods-RxTravelHereUITests/Pods-RxTravelHereUITests.release.xcconfig"; sourceTree = "<group>"; };
/* End PBXFileReference section */

/* Begin PBXFrameworksBuildPhase section */
		140ED10521AE884E00F1D1D2 /* Frameworks */ = {
			isa = PBXFrameworksBuildPhase;
			buildActionMask = 2147483647;
			files = (
				6651C8CDC1021B3CDEEFC508 /* Pods_RxTravelHere.framework in Frameworks */,
			);
			runOnlyForDeploymentPostprocessing = 0;
		};
		140ED11921AE884F00F1D1D2 /* Frameworks */ = {
			isa = PBXFrameworksBuildPhase;
			buildActionMask = 2147483647;
			files = (
				C2FE0C21049B34BAD0C95D71 /* Pods_RxTravelHereTests.framework in Frameworks */,
			);
			runOnlyForDeploymentPostprocessing = 0;
		};
		140ED12421AE884F00F1D1D2 /* Frameworks */ = {
			isa = PBXFrameworksBuildPhase;
			buildActionMask = 2147483647;
			files = (
				67D330B13DF060220C3DE011 /* Pods_RxTravelHereUITests.framework in Frameworks */,
			);
			runOnlyForDeploymentPostprocessing = 0;
		};
/* End PBXFrameworksBuildPhase section */

/* Begin PBXGroup section */
		140ED0FF21AE884E00F1D1D2 = {
			isa = PBXGroup;
			children = (
				140ED10A21AE884E00F1D1D2 /* RxTravelHere */,
				140ED11F21AE884F00F1D1D2 /* RxTravelHereTests */,
				140ED12A21AE884F00F1D1D2 /* RxTravelHereUITests */,
				140ED10921AE884E00F1D1D2 /* Products */,
				85F5B907BE55DF93852D9046 /* Pods */,
				FB673F8AB7E74964CDC12CE3 /* Frameworks */,
			);
			sourceTree = "<group>";
		};
		140ED10921AE884E00F1D1D2 /* Products */ = {
			isa = PBXGroup;
			children = (
				140ED10821AE884E00F1D1D2 /* RxTravelHere.app */,
				140ED11C21AE884F00F1D1D2 /* RxTravelHereTests.xctest */,
				140ED12721AE884F00F1D1D2 /* RxTravelHereUITests.xctest */,
			);
			name = Products;
			sourceTree = "<group>";
		};
		140ED10A21AE884E00F1D1D2 /* RxTravelHere */ = {
			isa = PBXGroup;
			children = (
				140ED13A21AE8A0300F1D1D2 /* Launch */,
				140ED13921AE898500F1D1D2 /* Source */,
				140ED13B21AE8ABE00F1D1D2 /* Assets */,
				140ED13C21AE8C1000F1D1D2 /* Commons */,
				140ED10B21AE884E00F1D1D2 /* AppDelegate.swift */,
				140ED11721AE884F00F1D1D2 /* Info.plist */,
				1428892F21B5739E0057F79E /* RxTravelHere-Bridging-Header.h */,
			);
			path = RxTravelHere;
			sourceTree = "<group>";
		};
		140ED11F21AE884F00F1D1D2 /* RxTravelHereTests */ = {
			isa = PBXGroup;
			children = (
				140ED12021AE884F00F1D1D2 /* RxTravelHereTests.swift */,
				140ED12221AE884F00F1D1D2 /* Info.plist */,
			);
			path = RxTravelHereTests;
			sourceTree = "<group>";
		};
		140ED12A21AE884F00F1D1D2 /* RxTravelHereUITests */ = {
			isa = PBXGroup;
			children = (
				140ED12B21AE884F00F1D1D2 /* RxTravelHereUITests.swift */,
				140ED12D21AE884F00F1D1D2 /* Info.plist */,
			);
			path = RxTravelHereUITests;
			sourceTree = "<group>";
		};
		140ED13921AE898500F1D1D2 /* Source */ = {
			isa = PBXGroup;
			children = (
				140ED15821AF73F100F1D1D2 /* NameSpace.swift */,
				146A6C6021B7EC970066732C /* Model */,
				140ED14221AE8D3B00F1D1D2 /* Account */,
				146A6C4D21B7D39B0066732C /* Home */,
				146A6C6721B7ED2D0066732C /* Record */,
				1427363D21CCDB62000AA31D /* Comment */,
				14590E2C21C72FE500843EBA /* UserCenter */,
				140ED13F21AE8C7000F1D1D2 /* Global */,
			);
			path = Source;
			sourceTree = "<group>";
		};
		140ED13A21AE8A0300F1D1D2 /* Launch */ = {
			isa = PBXGroup;
			children = (
				140ED11421AE884F00F1D1D2 /* LaunchScreen.storyboard */,
			);
			path = Launch;
			sourceTree = "<group>";
		};
		140ED13B21AE8ABE00F1D1D2 /* Assets */ = {
			isa = PBXGroup;
			children = (
				146A6C5821B7DF070066732C /* MapSetting.bundle */,
				140ED11221AE884F00F1D1D2 /* Assets.xcassets */,
			);
			path = Assets;
			sourceTree = "<group>";
		};
		140ED13C21AE8C1000F1D1D2 /* Commons */ = {
			isa = PBXGroup;
			children = (
				1434ACB321AFC07300A140C4 /* Network */,
				14590E3621C7312B00843EBA /* UI */,
				1428894021B60DD60057F79E /* Control */,
				1428893321B573B40057F79E /* ImagePicker */,
				1428892321B555B30057F79E /* Rx */,
				140ED13D21AE8C2500F1D1D2 /* Extensions */,
				1434ACC621B012CD00A140C4 /* Error.swift */,
			);
			path = Commons;
			sourceTree = "<group>";
		};
		140ED13D21AE8C2500F1D1D2 /* Extensions */ = {
			isa = PBXGroup;
			children = (
				142A689221D26ADA00221926 /* Notification+Ex.swift */,
				1427364D21CD1731000AA31D /* UIDevice+Ex.swift */,
				146A6C6521B7ECF30066732C /* Date+Ex.swift */,
				146A6C4B21B7D3260066732C /* UserDefaults+Ex.swift */,
				1428893921B5743D0057F79E /* UIViewController+Ex.swift */,
				1434ACB821B002A500A140C4 /* SVProgressHUD+Ex.swift */,
				140ED15521AECF9000F1D1D2 /* UIButton+Ex.swift */,
				140ED14A21AEB44B00F1D1D2 /* UIView+Ex.swift */,
				140ED15321AECECF00F1D1D2 /* UIImage+Ex.swift */,
				146A6C7521BA97860066732C /* MAMapView+Ex.swift */,
				146A6C7721BA99AE0066732C /* CLLocationManager+Ex.swift */,
				1427366021CF6672000AA31D /* UITableView+Ex.swift */,
				142A689921D4568000221926 /* UILabel+Ex.swift */,
				142A689B21D4577C00221926 /* UIImageView+Ex.swift */,
			);
			path = Extensions;
			sourceTree = "<group>";
		};
		140ED13F21AE8C7000F1D1D2 /* Global */ = {
			isa = PBXGroup;
			children = (
				1427364A21CD169D000AA31D /* NavBarView.swift */,
				1427364921CD169D000AA31D /* NavBarView.xib */,
				146A6C5221B7D44B0066732C /* MainNavigationController.swift */,
				140ED14021AE8C8B00F1D1D2 /* log.swift */,
			);
			path = Global;
			sourceTree = "<group>";
		};
		140ED14221AE8D3B00F1D1D2 /* Account */ = {
			isa = PBXGroup;
			children = (
				1427365E21CF4341000AA31D /* Account.Manager.swift */,
				140ED14321AE8D9E00F1D1D2 /* Account.View.swift */,
				1434ACC821B0224A00A140C4 /* Account.Model.swift */,
				1428891521B3BCFA0057F79E /* Account.NetworkTarget.swift */,
				140ED16021AF8CA400F1D1D2 /* Account.PhoneLogin */,
				140ED15F21AF8C8100F1D1D2 /* Account.ValidateLogin */,
				140ED15A21AF885A00F1D1D2 /* Account.Edit */,
			);
			path = Account;
			sourceTree = "<group>";
		};
		140ED15A21AF885A00F1D1D2 /* Account.Edit */ = {
			isa = PBXGroup;
			children = (
				140ED15B21AF8B8A00F1D1D2 /* Account.Edit.View.swift */,
				140ED15D21AF8BD000F1D1D2 /* Account.Edit.ViewModel.swift */,
				140ED14E21AEC4C900F1D1D2 /* EditInfoView.xib */,
			);
			path = Account.Edit;
			sourceTree = "<group>";
		};
		140ED15F21AF8C8100F1D1D2 /* Account.ValidateLogin */ = {
			isa = PBXGroup;
			children = (
				140ED16521AF8D2B00F1D1D2 /* Account.ValidateLogin.View.swift */,
				140ED16721AF8D3200F1D1D2 /* Account.ValidateLogin.ViewModel.swift */,
				140ED14C21AEB90B00F1D1D2 /* CodeView.xib */,
			);
			path = Account.ValidateLogin;
			sourceTree = "<group>";
		};
		140ED16021AF8CA400F1D1D2 /* Account.PhoneLogin */ = {
			isa = PBXGroup;
			children = (
				140ED16121AF8D0E00F1D1D2 /* Account.PhoneLogin.View.swift */,
				140ED16321AF8D1800F1D1D2 /* Account.PhoneLogin.ViewModel.swift */,
				140ED14721AE927B00F1D1D2 /* PhoneView.xib */,
			);
			path = Account.PhoneLogin;
			sourceTree = "<group>";
		};
		1427363D21CCDB62000AA31D /* Comment */ = {
			isa = PBXGroup;
			children = (
				1427363E21CCDB78000AA31D /* Comment.Model.swift */,
				1427364021CCDB92000AA31D /* Comment.NetworkTarget.swift */,
			);
			path = Comment;
			sourceTree = "<group>";
		};
		1427364621CD1169000AA31D /* Record.Show */ = {
			isa = PBXGroup;
			children = (
				1427364F21CD18AD000AA31D /* Views */,
				1427364421CD1141000AA31D /* Record.Show.View.swift */,
				1427364721CD12C1000AA31D /* Record.Show.ViewModel.swift */,
			);
			path = Record.Show;
			sourceTree = "<group>";
		};
		1427364F21CD18AD000AA31D /* Views */ = {
			isa = PBXGroup;
			children = (
				1427365021CD18B6000AA31D /* ImageHeadView.swift */,
				1427365321CD18E5000AA31D /* RecordContentCell.swift */,
				1427365621CD18E5000AA31D /* RecordContentCell.xib */,
				1427365C21CE714E000AA31D /* CutView.swift */,
				1427365521CD18E5000AA31D /* CutView.xib */,
				1427365421CD18E5000AA31D /* CommentCell.swift */,
				1427365221CD18E4000AA31D /* CommentCell.xib */,
			);
			path = Views;
			sourceTree = "<group>";
		};
		1428892321B555B30057F79E /* Rx */ = {
			isa = PBXGroup;
			children = (
				1428891C21B54BC50057F79E /* UIButton+Rx.swift */,
				1428892121B555AC0057F79E /* UIImagePickerController+Rx.swift */,
				146A6C7921BAB2770066732C /* MAMapView+Rx.swift */,
				14ED87DC21C8F71A0019F861 /* MJRefresh+Rx.swift */,
				14ED87DF21CB3DCB0019F861 /* UIViewController+Rx.swift */,
				142A688C21D263CC00221926 /* KingfisherManager+Rx.swift */,
				1495D49D21D4CABF00EE506F /* THInputView+Rx.swift */,
			);
			path = Rx;
			sourceTree = "<group>";
		};
		1428893321B573B40057F79E /* ImagePicker */ = {
			isa = PBXGroup;
			children = (
				1428893621B573B40057F79E /* YYImageClipViewController.h */,
				1428893521B573B40057F79E /* YYImageClipViewController.m */,
				143DB46B21B6B790001F57E1 /* YYImagePickerController+Rx.swift */,
			);
			path = ImagePicker;
			sourceTree = "<group>";
		};
		1428894021B60DD60057F79E /* Control */ = {
			isa = PBXGroup;
			children = (
				1428893B21B586910057F79E /* ActionSheetControl.swift */,
				1428893D21B58BEE0057F79E /* ImagePickerControl.swift */,
				143DB46921B6B6DF001F57E1 /* ImageClipControl.swift */,
				1428894521B611FF0057F79E /* KingfisherControl.swift */,
			);
			path = Control;
			sourceTree = "<group>";
		};
		142A689421D4527A00221926 /* Record.Reply */ = {
			isa = PBXGroup;
			children = (
				142A689521D4532F00221926 /* Record.Reply.View.swift */,
				142A689721D4534000221926 /* Record.Reply.ViewModel.swift */,
			);
			path = Record.Reply;
			sourceTree = "<group>";
		};
		1434ACB321AFC07300A140C4 /* Network */ = {
			isa = PBXGroup;
			children = (
				1428891121B3B8710057F79E /* NetworkConfig.swift */,
				1428891321B3B8BC0057F79E /* NetworkInterface.swift */,
				1428891721B3C5710057F79E /* NetworkModel.swift */,
				1428891A21B4CB130057F79E /* FileNetworkTarget.swift */,
				14590DFA21C5524500843EBA /* NetworkPlugin.swift */,
			);
			path = Network;
			sourceTree = "<group>";
		};
		14590E2C21C72FE500843EBA /* UserCenter */ = {
			isa = PBXGroup;
			children = (
				14590E4E21C7F1F400843EBA /* UserCenter.MyRecord */,
				14590E4F21C7F22500843EBA /* UserCenter.Interaction */,
				14590E3121C7309700843EBA /* Views */,
				14590E2D21C7300F00843EBA /* UserCenter.View.swift */,
				14590E2F21C7301900843EBA /* UserCenter.ViewModel.swift */,
			);
			path = UserCenter;
			sourceTree = "<group>";
		};
		14590E3121C7309700843EBA /* Views */ = {
			isa = PBXGroup;
			children = (
				14590E4521C7F0B200843EBA /* EmptyView.swift */,
				14590E3221C730A500843EBA /* UserCenterView.swift */,
				14590E3421C730B000843EBA /* UserCenterView.xib */,
			);
			path = Views;
			sourceTree = "<group>";
		};
		14590E3621C7312B00843EBA /* UI */ = {
			isa = PBXGroup;
			children = (
				14590E3721C7313400843EBA /* SliderView */,
				142A688E21D2692F00221926 /* THInputView.swift */,
				142A689021D269BA00221926 /* THTextView.swift */,
				14590E4021C78C4B00843EBA /* TouchBigBtn.swift */,
			);
			path = UI;
			sourceTree = "<group>";
		};
		14590E3721C7313400843EBA /* SliderView */ = {
			isa = PBXGroup;
			children = (
				14590E3821C7313400843EBA /* LPSliderView.swift */,
				14590E3921C7313400843EBA /* RedPointView.swift */,
			);
			path = SliderView;
			sourceTree = "<group>";
		};
		14590E4E21C7F1F400843EBA /* UserCenter.MyRecord */ = {
			isa = PBXGroup;
			children = (
				14590E4421C7F0B200843EBA /* RecordCell.swift */,
				14590E4621C7F0B200843EBA /* RecordCell.xib */,
				14590E3C21C7337600843EBA /* UserCenter.MyRecord.View.swift */,
				14590E5221C88EEC00843EBA /* UserCenter.MyRecord.ViewModel.swift */,
			);
			path = UserCenter.MyRecord;
			sourceTree = "<group>";
		};
		14590E4F21C7F22500843EBA /* UserCenter.Interaction */ = {
			isa = PBXGroup;
			children = (
				1427364221CCE48D000AA31D /* UserCenter.Interaction.NetworkTarget.swift */,
				14590E5021C7F3CA00843EBA /* UserCenter.Interaction.Model.swift */,
				14590E3E21C7339A00843EBA /* UserCenter.Interaction.View.swift */,
				1427363B21CCD9A3000AA31D /* UserCenter.Interaction.ViewModel.swift */,
				14590E4821C7F0B300843EBA /* InteractionCell.swift */,
				14590E4721C7F0B300843EBA /* InteractionCell.xib */,
			);
			path = UserCenter.Interaction;
			sourceTree = "<group>";
		};
		146A6C4D21B7D39B0066732C /* Home */ = {
			isa = PBXGroup;
			children = (
				146A6C6E21BA92080066732C /* Views */,
				146A6C5421B7D57E0066732C /* Home.Annotation.swift */,
				146A6C4E21B7D3EE0066732C /* Home.View.swift */,
				146A6C5021B7D4090066732C /* Home.ViewModel.swift */,
			);
			path = Home;
			sourceTree = "<group>";
		};
		146A6C6021B7EC970066732C /* Model */ = {
			isa = PBXGroup;
			children = (
			);
			path = Model;
			sourceTree = "<group>";
		};
		146A6C6721B7ED2D0066732C /* Record */ = {
			isa = PBXGroup;
			children = (
				14590DF821C54E3D00843EBA /* Record.NetworkTarget.swift */,
				146A6C6821B7ED5E0066732C /* Record.Model.swift */,
				1495D49F21D4FC7600EE506F /* Record.Edit */,
				1427364621CD1169000AA31D /* Record.Show */,
				142A689421D4527A00221926 /* Record.Reply */,
			);
			path = Record;
			sourceTree = "<group>";
		};
		146A6C6E21BA92080066732C /* Views */ = {
			isa = PBXGroup;
			children = (
				146A6C6F21BA927B0066732C /* UserAnnotationView.swift */,
				146A6C7121BA93950066732C /* AnnotationView.swift */,
				146A6C7321BA97560066732C /* HomeView.swift */,
				146A6C5621B7D5B40066732C /* HomeView.xib */,
			);
			path = Views;
			sourceTree = "<group>";
		};
		1495D49F21D4FC7600EE506F /* Record.Edit */ = {
			isa = PBXGroup;
			children = (
				1495D4A421D5A75700EE506F /* Views */,
				1495D4A221D4FCAD00EE506F /* Record.Edit.View.swift */,
				1495D4A021D4FC9B00EE506F /* Record.Edit.ViewModel.swift */,
			);
			path = Record.Edit;
			sourceTree = "<group>";
		};
		1495D4A421D5A75700EE506F /* Views */ = {
			isa = PBXGroup;
			children = (
				1495D4A521D5A79500EE506F /* EditView.swift */,
				1495D4A721D5A7CC00EE506F /* EditView.xib */,
				1495D4A921D6434100EE506F /* ShapeTypeCell.swift */,
				1495D4AC21D6575A00EE506F /* ShapeTypeCell.xib */,
			);
			path = Views;
			sourceTree = "<group>";
		};
		85F5B907BE55DF93852D9046 /* Pods */ = {
			isa = PBXGroup;
			children = (
				4492411006C311772B653288 /* Pods-RxTravelHere.debug.xcconfig */,
				3A662F8E49B5C849B1E7545A /* Pods-RxTravelHere.release.xcconfig */,
				B25C77DA8BF828631ED9D2B6 /* Pods-RxTravelHereTests.debug.xcconfig */,
				B5FD19806AF7BC16A52C3DDE /* Pods-RxTravelHereTests.release.xcconfig */,
				65D6934429BDCC4A3000AB81 /* Pods-RxTravelHereUITests.debug.xcconfig */,
				F814A33A9B186AE9F0AFD3ED /* Pods-RxTravelHereUITests.release.xcconfig */,
			);
			name = Pods;
			sourceTree = "<group>";
		};
		FB673F8AB7E74964CDC12CE3 /* Frameworks */ = {
			isa = PBXGroup;
			children = (
				D3E8D2174BF8E6DCAA4DE9F1 /* Pods_RxTravelHere.framework */,
				9665BF2A665CBE6CF36DF11D /* Pods_RxTravelHereTests.framework */,
				9DBC54C19255EB117EF3E973 /* Pods_RxTravelHereUITests.framework */,
			);
			name = Frameworks;
			sourceTree = "<group>";
		};
/* End PBXGroup section */

/* Begin PBXNativeTarget section */
		140ED10721AE884E00F1D1D2 /* RxTravelHere */ = {
			isa = PBXNativeTarget;
			buildConfigurationList = 140ED13021AE884F00F1D1D2 /* Build configuration list for PBXNativeTarget "RxTravelHere" */;
			buildPhases = (
				7AA312B5792BE5D2DD72786C /* [CP] Check Pods Manifest.lock */,
				140ED10421AE884E00F1D1D2 /* Sources */,
				140ED10521AE884E00F1D1D2 /* Frameworks */,
				140ED10621AE884E00F1D1D2 /* Resources */,
				1DF3EB2849882F70AAF24AB2 /* [CP] Embed Pods Frameworks */,
				D969842C07C36E3C43F42582 /* [CP] Copy Pods Resources */,
			);
			buildRules = (
			);
			dependencies = (
			);
			name = RxTravelHere;
			productName = RxTravelHere;
			productReference = 140ED10821AE884E00F1D1D2 /* RxTravelHere.app */;
			productType = "com.apple.product-type.application";
		};
		140ED11B21AE884F00F1D1D2 /* RxTravelHereTests */ = {
			isa = PBXNativeTarget;
			buildConfigurationList = 140ED13321AE884F00F1D1D2 /* Build configuration list for PBXNativeTarget "RxTravelHereTests" */;
			buildPhases = (
				0CC0F8FDA69B69066A5F5F2F /* [CP] Check Pods Manifest.lock */,
				140ED11821AE884F00F1D1D2 /* Sources */,
				140ED11921AE884F00F1D1D2 /* Frameworks */,
				140ED11A21AE884F00F1D1D2 /* Resources */,
			);
			buildRules = (
			);
			dependencies = (
				140ED11E21AE884F00F1D1D2 /* PBXTargetDependency */,
			);
			name = RxTravelHereTests;
			productName = RxTravelHereTests;
			productReference = 140ED11C21AE884F00F1D1D2 /* RxTravelHereTests.xctest */;
			productType = "com.apple.product-type.bundle.unit-test";
		};
		140ED12621AE884F00F1D1D2 /* RxTravelHereUITests */ = {
			isa = PBXNativeTarget;
			buildConfigurationList = 140ED13621AE884F00F1D1D2 /* Build configuration list for PBXNativeTarget "RxTravelHereUITests" */;
			buildPhases = (
				5407C7D8FC5AC3D286DC2623 /* [CP] Check Pods Manifest.lock */,
				140ED12321AE884F00F1D1D2 /* Sources */,
				140ED12421AE884F00F1D1D2 /* Frameworks */,
				140ED12521AE884F00F1D1D2 /* Resources */,
			);
			buildRules = (
			);
			dependencies = (
				140ED12921AE884F00F1D1D2 /* PBXTargetDependency */,
			);
			name = RxTravelHereUITests;
			productName = RxTravelHereUITests;
			productReference = 140ED12721AE884F00F1D1D2 /* RxTravelHereUITests.xctest */;
			productType = "com.apple.product-type.bundle.ui-testing";
		};
/* End PBXNativeTarget section */

/* Begin PBXProject section */
		140ED10021AE884E00F1D1D2 /* Project object */ = {
			isa = PBXProject;
			attributes = {
				LastSwiftUpdateCheck = 1010;
				LastUpgradeCheck = 1010;
				ORGANIZATIONNAME = SeacenLiu;
				TargetAttributes = {
					140ED10721AE884E00F1D1D2 = {
						CreatedOnToolsVersion = 10.1;
						LastSwiftMigration = 1010;
					};
					140ED11B21AE884F00F1D1D2 = {
						CreatedOnToolsVersion = 10.1;
						TestTargetID = 140ED10721AE884E00F1D1D2;
					};
					140ED12621AE884F00F1D1D2 = {
						CreatedOnToolsVersion = 10.1;
						TestTargetID = 140ED10721AE884E00F1D1D2;
					};
				};
			};
			buildConfigurationList = 140ED10321AE884E00F1D1D2 /* Build configuration list for PBXProject "RxTravelHere" */;
			compatibilityVersion = "Xcode 9.3";
			developmentRegion = en;
			hasScannedForEncodings = 0;
			knownRegions = (
				en,
				Base,
			);
			mainGroup = 140ED0FF21AE884E00F1D1D2;
			productRefGroup = 140ED10921AE884E00F1D1D2 /* Products */;
			projectDirPath = "";
			projectRoot = "";
			targets = (
				140ED10721AE884E00F1D1D2 /* RxTravelHere */,
				140ED11B21AE884F00F1D1D2 /* RxTravelHereTests */,
				140ED12621AE884F00F1D1D2 /* RxTravelHereUITests */,
			);
		};
/* End PBXProject section */

/* Begin PBXResourcesBuildPhase section */
		140ED10621AE884E00F1D1D2 /* Resources */ = {
			isa = PBXResourcesBuildPhase;
			buildActionMask = 2147483647;
			files = (
				140ED14821AE927B00F1D1D2 /* PhoneView.xib in Resources */,
				1427364B21CD169D000AA31D /* NavBarView.xib in Resources */,
				140ED11621AE884F00F1D1D2 /* LaunchScreen.storyboard in Resources */,
				1495D4A821D5A7CC00EE506F /* EditView.xib in Resources */,
				146A6C5921B7DF070066732C /* MapSetting.bundle in Resources */,
				1495D4AD21D6575B00EE506F /* ShapeTypeCell.xib in Resources */,
				140ED11321AE884F00F1D1D2 /* Assets.xcassets in Resources */,
				146A6C5721B7D5B40066732C /* HomeView.xib in Resources */,
				140ED14F21AEC4C900F1D1D2 /* EditInfoView.xib in Resources */,
				1427365B21CD18E5000AA31D /* RecordContentCell.xib in Resources */,
				1427365A21CD18E5000AA31D /* CutView.xib in Resources */,
				14590E3521C730B000843EBA /* UserCenterView.xib in Resources */,
				140ED14D21AEB90B00F1D1D2 /* CodeView.xib in Resources */,
				1427365721CD18E5000AA31D /* CommentCell.xib in Resources */,
				14590E4C21C7F0B300843EBA /* InteractionCell.xib in Resources */,
				14590E4B21C7F0B300843EBA /* RecordCell.xib in Resources */,
			);
			runOnlyForDeploymentPostprocessing = 0;
		};
		140ED11A21AE884F00F1D1D2 /* Resources */ = {
			isa = PBXResourcesBuildPhase;
			buildActionMask = 2147483647;
			files = (
			);
			runOnlyForDeploymentPostprocessing = 0;
		};
		140ED12521AE884F00F1D1D2 /* Resources */ = {
			isa = PBXResourcesBuildPhase;
			buildActionMask = 2147483647;
			files = (
			);
			runOnlyForDeploymentPostprocessing = 0;
		};
/* End PBXResourcesBuildPhase section */

/* Begin PBXShellScriptBuildPhase section */
		0CC0F8FDA69B69066A5F5F2F /* [CP] Check Pods Manifest.lock */ = {
			isa = PBXShellScriptBuildPhase;
			buildActionMask = 2147483647;
			files = (
			);
			inputPaths = (
				"${PODS_PODFILE_DIR_PATH}/Podfile.lock",
				"${PODS_ROOT}/Manifest.lock",
			);
			name = "[CP] Check Pods Manifest.lock";
			outputPaths = (
				"$(DERIVED_FILE_DIR)/Pods-RxTravelHereTests-checkManifestLockResult.txt",
			);
			runOnlyForDeploymentPostprocessing = 0;
			shellPath = /bin/sh;
			shellScript = "diff \"${PODS_PODFILE_DIR_PATH}/Podfile.lock\" \"${PODS_ROOT}/Manifest.lock\" > /dev/null\nif [ $? != 0 ] ; then\n    # print error to STDERR\n    echo \"error: The sandbox is not in sync with the Podfile.lock. Run 'pod install' or update your CocoaPods installation.\" >&2\n    exit 1\nfi\n# This output is used by Xcode 'outputs' to avoid re-running this script phase.\necho \"SUCCESS\" > \"${SCRIPT_OUTPUT_FILE_0}\"\n";
			showEnvVarsInLog = 0;
		};
		1DF3EB2849882F70AAF24AB2 /* [CP] Embed Pods Frameworks */ = {
			isa = PBXShellScriptBuildPhase;
			buildActionMask = 2147483647;
			files = (
			);
			inputPaths = (
				"${SRCROOT}/Pods/Target Support Files/Pods-RxTravelHere/Pods-RxTravelHere-frameworks.sh",
				"${BUILT_PRODUCTS_DIR}/Alamofire/Alamofire.framework",
				"${BUILT_PRODUCTS_DIR}/Differentiator/Differentiator.framework",
				"${BUILT_PRODUCTS_DIR}/Kingfisher/Kingfisher.framework",
				"${BUILT_PRODUCTS_DIR}/MJRefresh/MJRefresh.framework",
				"${BUILT_PRODUCTS_DIR}/Moya/Moya.framework",
				"${BUILT_PRODUCTS_DIR}/Result/Result.framework",
				"${BUILT_PRODUCTS_DIR}/RxCocoa/RxCocoa.framework",
				"${BUILT_PRODUCTS_DIR}/RxDataSources/RxDataSources.framework",
				"${BUILT_PRODUCTS_DIR}/RxGesture/RxGesture.framework",
				"${BUILT_PRODUCTS_DIR}/RxSwift/RxSwift.framework",
				"${BUILT_PRODUCTS_DIR}/SVProgressHUD/SVProgressHUD.framework",
				"${BUILT_PRODUCTS_DIR}/SnapKit/SnapKit.framework",
			);
			name = "[CP] Embed Pods Frameworks";
			outputPaths = (
				"${TARGET_BUILD_DIR}/${FRAMEWORKS_FOLDER_PATH}/Alamofire.framework",
				"${TARGET_BUILD_DIR}/${FRAMEWORKS_FOLDER_PATH}/Differentiator.framework",
				"${TARGET_BUILD_DIR}/${FRAMEWORKS_FOLDER_PATH}/Kingfisher.framework",
				"${TARGET_BUILD_DIR}/${FRAMEWORKS_FOLDER_PATH}/MJRefresh.framework",
				"${TARGET_BUILD_DIR}/${FRAMEWORKS_FOLDER_PATH}/Moya.framework",
				"${TARGET_BUILD_DIR}/${FRAMEWORKS_FOLDER_PATH}/Result.framework",
				"${TARGET_BUILD_DIR}/${FRAMEWORKS_FOLDER_PATH}/RxCocoa.framework",
				"${TARGET_BUILD_DIR}/${FRAMEWORKS_FOLDER_PATH}/RxDataSources.framework",
				"${TARGET_BUILD_DIR}/${FRAMEWORKS_FOLDER_PATH}/RxGesture.framework",
				"${TARGET_BUILD_DIR}/${FRAMEWORKS_FOLDER_PATH}/RxSwift.framework",
				"${TARGET_BUILD_DIR}/${FRAMEWORKS_FOLDER_PATH}/SVProgressHUD.framework",
				"${TARGET_BUILD_DIR}/${FRAMEWORKS_FOLDER_PATH}/SnapKit.framework",
			);
			runOnlyForDeploymentPostprocessing = 0;
			shellPath = /bin/sh;
			shellScript = "\"${SRCROOT}/Pods/Target Support Files/Pods-RxTravelHere/Pods-RxTravelHere-frameworks.sh\"\n";
			showEnvVarsInLog = 0;
		};
		5407C7D8FC5AC3D286DC2623 /* [CP] Check Pods Manifest.lock */ = {
			isa = PBXShellScriptBuildPhase;
			buildActionMask = 2147483647;
			files = (
			);
			inputPaths = (
				"${PODS_PODFILE_DIR_PATH}/Podfile.lock",
				"${PODS_ROOT}/Manifest.lock",
			);
			name = "[CP] Check Pods Manifest.lock";
			outputPaths = (
				"$(DERIVED_FILE_DIR)/Pods-RxTravelHereUITests-checkManifestLockResult.txt",
			);
			runOnlyForDeploymentPostprocessing = 0;
			shellPath = /bin/sh;
			shellScript = "diff \"${PODS_PODFILE_DIR_PATH}/Podfile.lock\" \"${PODS_ROOT}/Manifest.lock\" > /dev/null\nif [ $? != 0 ] ; then\n    # print error to STDERR\n    echo \"error: The sandbox is not in sync with the Podfile.lock. Run 'pod install' or update your CocoaPods installation.\" >&2\n    exit 1\nfi\n# This output is used by Xcode 'outputs' to avoid re-running this script phase.\necho \"SUCCESS\" > \"${SCRIPT_OUTPUT_FILE_0}\"\n";
			showEnvVarsInLog = 0;
		};
		7AA312B5792BE5D2DD72786C /* [CP] Check Pods Manifest.lock */ = {
			isa = PBXShellScriptBuildPhase;
			buildActionMask = 2147483647;
			files = (
			);
			inputPaths = (
				"${PODS_PODFILE_DIR_PATH}/Podfile.lock",
				"${PODS_ROOT}/Manifest.lock",
			);
			name = "[CP] Check Pods Manifest.lock";
			outputPaths = (
				"$(DERIVED_FILE_DIR)/Pods-RxTravelHere-checkManifestLockResult.txt",
			);
			runOnlyForDeploymentPostprocessing = 0;
			shellPath = /bin/sh;
			shellScript = "diff \"${PODS_PODFILE_DIR_PATH}/Podfile.lock\" \"${PODS_ROOT}/Manifest.lock\" > /dev/null\nif [ $? != 0 ] ; then\n    # print error to STDERR\n    echo \"error: The sandbox is not in sync with the Podfile.lock. Run 'pod install' or update your CocoaPods installation.\" >&2\n    exit 1\nfi\n# This output is used by Xcode 'outputs' to avoid re-running this script phase.\necho \"SUCCESS\" > \"${SCRIPT_OUTPUT_FILE_0}\"\n";
			showEnvVarsInLog = 0;
		};
		D969842C07C36E3C43F42582 /* [CP] Copy Pods Resources */ = {
			isa = PBXShellScriptBuildPhase;
			buildActionMask = 2147483647;
			files = (
			);
			inputPaths = (
				"${SRCROOT}/Pods/Target Support Files/Pods-RxTravelHere/Pods-RxTravelHere-resources.sh",
				"${PODS_ROOT}/AMap3DMap/MAMapKit.framework/AMap.bundle",
			);
			name = "[CP] Copy Pods Resources";
			outputPaths = (
				"${TARGET_BUILD_DIR}/${UNLOCALIZED_RESOURCES_FOLDER_PATH}/AMap.bundle",
			);
			runOnlyForDeploymentPostprocessing = 0;
			shellPath = /bin/sh;
			shellScript = "\"${SRCROOT}/Pods/Target Support Files/Pods-RxTravelHere/Pods-RxTravelHere-resources.sh\"\n";
			showEnvVarsInLog = 0;
		};
/* End PBXShellScriptBuildPhase section */

/* Begin PBXSourcesBuildPhase section */
		140ED10421AE884E00F1D1D2 /* Sources */ = {
			isa = PBXSourcesBuildPhase;
			buildActionMask = 2147483647;
			files = (
				140ED15421AECECF00F1D1D2 /* UIImage+Ex.swift in Sources */,
				140ED15C21AF8B8A00F1D1D2 /* Account.Edit.View.swift in Sources */,
				1495D4AA21D6434100EE506F /* ShapeTypeCell.swift in Sources */,
				14590E3D21C7337600843EBA /* UserCenter.MyRecord.View.swift in Sources */,
				146A6C7821BA99AE0066732C /* CLLocationManager+Ex.swift in Sources */,
				14ED87DD21C8F71A0019F861 /* MJRefresh+Rx.swift in Sources */,
				146A6C6621B7ECF30066732C /* Date+Ex.swift in Sources */,
				140ED15E21AF8BD000F1D1D2 /* Account.Edit.ViewModel.swift in Sources */,
				14590E3A21C7313400843EBA /* LPSliderView.swift in Sources */,
				146A6C7221BA93950066732C /* AnnotationView.swift in Sources */,
				142A689321D26ADA00221926 /* Notification+Ex.swift in Sources */,
				1428893C21B586910057F79E /* ActionSheetControl.swift in Sources */,
				1495D49E21D4CABF00EE506F /* THInputView+Rx.swift in Sources */,
				142A689A21D4568000221926 /* UILabel+Ex.swift in Sources */,
				1427363F21CCDB78000AA31D /* Comment.Model.swift in Sources */,
				146A6C7421BA97560066732C /* HomeView.swift in Sources */,
				146A6C4F21B7D3EE0066732C /* Home.View.swift in Sources */,
				14590E2E21C7300F00843EBA /* UserCenter.View.swift in Sources */,
				14ED87E021CB3DCB0019F861 /* UIViewController+Rx.swift in Sources */,
				14590E4A21C7F0B300843EBA /* EmptyView.swift in Sources */,
				140ED14121AE8C8B00F1D1D2 /* log.swift in Sources */,
				146A6C7621BA97860066732C /* MAMapView+Ex.swift in Sources */,
				14590E5321C88EEC00843EBA /* UserCenter.MyRecord.ViewModel.swift in Sources */,
				146A6C5521B7D57E0066732C /* Home.Annotation.swift in Sources */,
				1428893821B573B40057F79E /* YYImageClipViewController.m in Sources */,
				142A689621D4532F00221926 /* Record.Reply.View.swift in Sources */,
				1427365821CD18E5000AA31D /* RecordContentCell.swift in Sources */,
				140ED15921AF73F100F1D1D2 /* NameSpace.swift in Sources */,
				1427364E21CD1731000AA31D /* UIDevice+Ex.swift in Sources */,
				146A6C5321B7D44B0066732C /* MainNavigationController.swift in Sources */,
				1427365F21CF4341000AA31D /* Account.Manager.swift in Sources */,
				1427364C21CD169D000AA31D /* NavBarView.swift in Sources */,
				146A6C7021BA927B0066732C /* UserAnnotationView.swift in Sources */,
				14590E3F21C7339A00843EBA /* UserCenter.Interaction.View.swift in Sources */,
				1428891D21B54BC50057F79E /* UIButton+Rx.swift in Sources */,
				1434ACC721B012CD00A140C4 /* Error.swift in Sources */,
				142A688F21D2692F00221926 /* THInputView.swift in Sources */,
				140ED16421AF8D1800F1D1D2 /* Account.PhoneLogin.ViewModel.swift in Sources */,
				14590E3021C7301900843EBA /* UserCenter.ViewModel.swift in Sources */,
				1434ACC921B0224A00A140C4 /* Account.Model.swift in Sources */,
				1427364821CD12C1000AA31D /* Record.Show.ViewModel.swift in Sources */,
				1428893E21B58BEE0057F79E /* ImagePickerControl.swift in Sources */,
				142A689121D269BB00221926 /* THTextView.swift in Sources */,
				1427365921CD18E5000AA31D /* CommentCell.swift in Sources */,
				1495D4A121D4FC9B00EE506F /* Record.Edit.ViewModel.swift in Sources */,
				1427363C21CCD9A3000AA31D /* UserCenter.Interaction.ViewModel.swift in Sources */,
				146A6C6921B7ED5E0066732C /* Record.Model.swift in Sources */,
				1428893A21B5743D0057F79E /* UIViewController+Ex.swift in Sources */,
				1428891221B3B8710057F79E /* NetworkConfig.swift in Sources */,
				143DB46C21B6B790001F57E1 /* YYImagePickerController+Rx.swift in Sources */,
				1428891621B3BCFA0057F79E /* Account.NetworkTarget.swift in Sources */,
				140ED10C21AE884E00F1D1D2 /* AppDelegate.swift in Sources */,
				142A689C21D4577C00221926 /* UIImageView+Ex.swift in Sources */,
				1428894621B611FF0057F79E /* KingfisherControl.swift in Sources */,
				143DB46A21B6B6DF001F57E1 /* ImageClipControl.swift in Sources */,
				1428892221B555AC0057F79E /* UIImagePickerController+Rx.swift in Sources */,
				140ED16221AF8D0E00F1D1D2 /* Account.PhoneLogin.View.swift in Sources */,
				1427365D21CE714E000AA31D /* CutView.swift in Sources */,
				1427364121CCDB92000AA31D /* Comment.NetworkTarget.swift in Sources */,
				14590E4D21C7F0B300843EBA /* InteractionCell.swift in Sources */,
				140ED16821AF8D3200F1D1D2 /* Account.ValidateLogin.ViewModel.swift in Sources */,
				140ED14421AE8D9E00F1D1D2 /* Account.View.swift in Sources */,
				14590E4921C7F0B300843EBA /* RecordCell.swift in Sources */,
				1495D4A621D5A79500EE506F /* EditView.swift in Sources */,
				14590DF921C54E3D00843EBA /* Record.NetworkTarget.swift in Sources */,
				1427365121CD18B6000AA31D /* ImageHeadView.swift in Sources */,
				140ED15621AECF9000F1D1D2 /* UIButton+Ex.swift in Sources */,
				1428891B21B4CB130057F79E /* FileNetworkTarget.swift in Sources */,
				1427364321CCE48D000AA31D /* UserCenter.Interaction.NetworkTarget.swift in Sources */,
				14590E3B21C7313400843EBA /* RedPointView.swift in Sources */,
				146A6C5121B7D4090066732C /* Home.ViewModel.swift in Sources */,
				1495D4A321D4FCAD00EE506F /* Record.Edit.View.swift in Sources */,
				142A688D21D263CC00221926 /* KingfisherManager+Rx.swift in Sources */,
				140ED16621AF8D2B00F1D1D2 /* Account.ValidateLogin.View.swift in Sources */,
				146A6C7A21BAB2770066732C /* MAMapView+Rx.swift in Sources */,
				14590E4121C78C4B00843EBA /* TouchBigBtn.swift in Sources */,
				140ED14B21AEB44B00F1D1D2 /* UIView+Ex.swift in Sources */,
				1428891421B3B8BC0057F79E /* NetworkInterface.swift in Sources */,
				14590E5121C7F3CA00843EBA /* UserCenter.Interaction.Model.swift in Sources */,
				146A6C4C21B7D3260066732C /* UserDefaults+Ex.swift in Sources */,
				1427366121CF6672000AA31D /* UITableView+Ex.swift in Sources */,
				142A689821D4534000221926 /* Record.Reply.ViewModel.swift in Sources */,
				1428891821B3C5710057F79E /* NetworkModel.swift in Sources */,
				1427364521CD1141000AA31D /* Record.Show.View.swift in Sources */,
				1434ACB921B002A500A140C4 /* SVProgressHUD+Ex.swift in Sources */,
				14590E3321C730A500843EBA /* UserCenterView.swift in Sources */,
				14590DFB21C5524500843EBA /* NetworkPlugin.swift in Sources */,
			);
			runOnlyForDeploymentPostprocessing = 0;
		};
		140ED11821AE884F00F1D1D2 /* Sources */ = {
			isa = PBXSourcesBuildPhase;
			buildActionMask = 2147483647;
			files = (
				140ED12121AE884F00F1D1D2 /* RxTravelHereTests.swift in Sources */,
			);
			runOnlyForDeploymentPostprocessing = 0;
		};
		140ED12321AE884F00F1D1D2 /* Sources */ = {
			isa = PBXSourcesBuildPhase;
			buildActionMask = 2147483647;
			files = (
				140ED12C21AE884F00F1D1D2 /* RxTravelHereUITests.swift in Sources */,
			);
			runOnlyForDeploymentPostprocessing = 0;
		};
/* End PBXSourcesBuildPhase section */

/* Begin PBXTargetDependency section */
		140ED11E21AE884F00F1D1D2 /* PBXTargetDependency */ = {
			isa = PBXTargetDependency;
			target = 140ED10721AE884E00F1D1D2 /* RxTravelHere */;
			targetProxy = 140ED11D21AE884F00F1D1D2 /* PBXContainerItemProxy */;
		};
		140ED12921AE884F00F1D1D2 /* PBXTargetDependency */ = {
			isa = PBXTargetDependency;
			target = 140ED10721AE884E00F1D1D2 /* RxTravelHere */;
			targetProxy = 140ED12821AE884F00F1D1D2 /* PBXContainerItemProxy */;
		};
/* End PBXTargetDependency section */

/* Begin PBXVariantGroup section */
		140ED11421AE884F00F1D1D2 /* LaunchScreen.storyboard */ = {
			isa = PBXVariantGroup;
			children = (
				140ED11521AE884F00F1D1D2 /* Base */,
			);
			name = LaunchScreen.storyboard;
			sourceTree = "<group>";
		};
/* End PBXVariantGroup section */

/* Begin XCBuildConfiguration section */
		140ED12E21AE884F00F1D1D2 /* Debug */ = {
			isa = XCBuildConfiguration;
			buildSettings = {
				ALWAYS_SEARCH_USER_PATHS = NO;
				CLANG_ANALYZER_NONNULL = YES;
				CLANG_ANALYZER_NUMBER_OBJECT_CONVERSION = YES_AGGRESSIVE;
				CLANG_CXX_LANGUAGE_STANDARD = "gnu++14";
				CLANG_CXX_LIBRARY = "libc++";
				CLANG_ENABLE_MODULES = YES;
				CLANG_ENABLE_OBJC_ARC = YES;
				CLANG_ENABLE_OBJC_WEAK = YES;
				CLANG_WARN_BLOCK_CAPTURE_AUTORELEASING = YES;
				CLANG_WARN_BOOL_CONVERSION = YES;
				CLANG_WARN_COMMA = YES;
				CLANG_WARN_CONSTANT_CONVERSION = YES;
				CLANG_WARN_DEPRECATED_OBJC_IMPLEMENTATIONS = YES;
				CLANG_WARN_DIRECT_OBJC_ISA_USAGE = YES_ERROR;
				CLANG_WARN_DOCUMENTATION_COMMENTS = YES;
				CLANG_WARN_EMPTY_BODY = YES;
				CLANG_WARN_ENUM_CONVERSION = YES;
				CLANG_WARN_INFINITE_RECURSION = YES;
				CLANG_WARN_INT_CONVERSION = YES;
				CLANG_WARN_NON_LITERAL_NULL_CONVERSION = YES;
				CLANG_WARN_OBJC_IMPLICIT_RETAIN_SELF = YES;
				CLANG_WARN_OBJC_LITERAL_CONVERSION = YES;
				CLANG_WARN_OBJC_ROOT_CLASS = YES_ERROR;
				CLANG_WARN_RANGE_LOOP_ANALYSIS = YES;
				CLANG_WARN_STRICT_PROTOTYPES = YES;
				CLANG_WARN_SUSPICIOUS_MOVE = YES;
				CLANG_WARN_UNGUARDED_AVAILABILITY = YES_AGGRESSIVE;
				CLANG_WARN_UNREACHABLE_CODE = YES;
				CLANG_WARN__DUPLICATE_METHOD_MATCH = YES;
				CODE_SIGN_IDENTITY = "iPhone Developer";
				COPY_PHASE_STRIP = NO;
				DEBUG_INFORMATION_FORMAT = dwarf;
				ENABLE_STRICT_OBJC_MSGSEND = YES;
				ENABLE_TESTABILITY = YES;
				GCC_C_LANGUAGE_STANDARD = gnu11;
				GCC_DYNAMIC_NO_PIC = NO;
				GCC_NO_COMMON_BLOCKS = YES;
				GCC_OPTIMIZATION_LEVEL = 0;
				GCC_PREPROCESSOR_DEFINITIONS = (
					"DEBUG=1",
					"$(inherited)",
				);
				GCC_WARN_64_TO_32_BIT_CONVERSION = YES;
				GCC_WARN_ABOUT_RETURN_TYPE = YES_ERROR;
				GCC_WARN_UNDECLARED_SELECTOR = YES;
				GCC_WARN_UNINITIALIZED_AUTOS = YES_AGGRESSIVE;
				GCC_WARN_UNUSED_FUNCTION = YES;
				GCC_WARN_UNUSED_VARIABLE = YES;
				IPHONEOS_DEPLOYMENT_TARGET = 12.1;
				MTL_ENABLE_DEBUG_INFO = INCLUDE_SOURCE;
				MTL_FAST_MATH = YES;
				ONLY_ACTIVE_ARCH = YES;
				SDKROOT = iphoneos;
				SWIFT_ACTIVE_COMPILATION_CONDITIONS = DEBUG;
				SWIFT_OPTIMIZATION_LEVEL = "-Onone";
			};
			name = Debug;
		};
		140ED12F21AE884F00F1D1D2 /* Release */ = {
			isa = XCBuildConfiguration;
			buildSettings = {
				ALWAYS_SEARCH_USER_PATHS = NO;
				CLANG_ANALYZER_NONNULL = YES;
				CLANG_ANALYZER_NUMBER_OBJECT_CONVERSION = YES_AGGRESSIVE;
				CLANG_CXX_LANGUAGE_STANDARD = "gnu++14";
				CLANG_CXX_LIBRARY = "libc++";
				CLANG_ENABLE_MODULES = YES;
				CLANG_ENABLE_OBJC_ARC = YES;
				CLANG_ENABLE_OBJC_WEAK = YES;
				CLANG_WARN_BLOCK_CAPTURE_AUTORELEASING = YES;
				CLANG_WARN_BOOL_CONVERSION = YES;
				CLANG_WARN_COMMA = YES;
				CLANG_WARN_CONSTANT_CONVERSION = YES;
				CLANG_WARN_DEPRECATED_OBJC_IMPLEMENTATIONS = YES;
				CLANG_WARN_DIRECT_OBJC_ISA_USAGE = YES_ERROR;
				CLANG_WARN_DOCUMENTATION_COMMENTS = YES;
				CLANG_WARN_EMPTY_BODY = YES;
				CLANG_WARN_ENUM_CONVERSION = YES;
				CLANG_WARN_INFINITE_RECURSION = YES;
				CLANG_WARN_INT_CONVERSION = YES;
				CLANG_WARN_NON_LITERAL_NULL_CONVERSION = YES;
				CLANG_WARN_OBJC_IMPLICIT_RETAIN_SELF = YES;
				CLANG_WARN_OBJC_LITERAL_CONVERSION = YES;
				CLANG_WARN_OBJC_ROOT_CLASS = YES_ERROR;
				CLANG_WARN_RANGE_LOOP_ANALYSIS = YES;
				CLANG_WARN_STRICT_PROTOTYPES = YES;
				CLANG_WARN_SUSPICIOUS_MOVE = YES;
				CLANG_WARN_UNGUARDED_AVAILABILITY = YES_AGGRESSIVE;
				CLANG_WARN_UNREACHABLE_CODE = YES;
				CLANG_WARN__DUPLICATE_METHOD_MATCH = YES;
				CODE_SIGN_IDENTITY = "iPhone Developer";
				COPY_PHASE_STRIP = NO;
				DEBUG_INFORMATION_FORMAT = "dwarf-with-dsym";
				ENABLE_NS_ASSERTIONS = NO;
				ENABLE_STRICT_OBJC_MSGSEND = YES;
				GCC_C_LANGUAGE_STANDARD = gnu11;
				GCC_NO_COMMON_BLOCKS = YES;
				GCC_WARN_64_TO_32_BIT_CONVERSION = YES;
				GCC_WARN_ABOUT_RETURN_TYPE = YES_ERROR;
				GCC_WARN_UNDECLARED_SELECTOR = YES;
				GCC_WARN_UNINITIALIZED_AUTOS = YES_AGGRESSIVE;
				GCC_WARN_UNUSED_FUNCTION = YES;
				GCC_WARN_UNUSED_VARIABLE = YES;
				IPHONEOS_DEPLOYMENT_TARGET = 12.1;
				MTL_ENABLE_DEBUG_INFO = NO;
				MTL_FAST_MATH = YES;
				SDKROOT = iphoneos;
				SWIFT_COMPILATION_MODE = wholemodule;
				SWIFT_OPTIMIZATION_LEVEL = "-O";
				VALIDATE_PRODUCT = YES;
			};
			name = Release;
		};
		140ED13121AE884F00F1D1D2 /* Debug */ = {
			isa = XCBuildConfiguration;
			baseConfigurationReference = 4492411006C311772B653288 /* Pods-RxTravelHere.debug.xcconfig */;
			buildSettings = {
				ASSETCATALOG_COMPILER_APPICON_NAME = AppIcon;
				CLANG_ENABLE_MODULES = YES;
				CODE_SIGN_STYLE = Automatic;
				DEVELOPMENT_TEAM = 6426K9AWKV;
				INFOPLIST_FILE = RxTravelHere/Info.plist;
				IPHONEOS_DEPLOYMENT_TARGET = 12.0;
				LD_RUNPATH_SEARCH_PATHS = (
					"$(inherited)",
					"@executable_path/Frameworks",
				);
				PRODUCT_BUNDLE_IDENTIFIER = cppteam.com.RxTravelHere;
				PRODUCT_NAME = "$(TARGET_NAME)";
				SWIFT_OBJC_BRIDGING_HEADER = "RxTravelHere/RxTravelHere-Bridging-Header.h";
				SWIFT_OPTIMIZATION_LEVEL = "-Onone";
				SWIFT_VERSION = 4.2;
				TARGETED_DEVICE_FAMILY = 1;
			};
			name = Debug;
		};
		140ED13221AE884F00F1D1D2 /* Release */ = {
			isa = XCBuildConfiguration;
			baseConfigurationReference = 3A662F8E49B5C849B1E7545A /* Pods-RxTravelHere.release.xcconfig */;
			buildSettings = {
				ASSETCATALOG_COMPILER_APPICON_NAME = AppIcon;
				CLANG_ENABLE_MODULES = YES;
				CODE_SIGN_STYLE = Automatic;
				DEVELOPMENT_TEAM = 6426K9AWKV;
				INFOPLIST_FILE = RxTravelHere/Info.plist;
				IPHONEOS_DEPLOYMENT_TARGET = 12.0;
				LD_RUNPATH_SEARCH_PATHS = (
					"$(inherited)",
					"@executable_path/Frameworks",
				);
				PRODUCT_BUNDLE_IDENTIFIER = cppteam.com.RxTravelHere;
				PRODUCT_NAME = "$(TARGET_NAME)";
				SWIFT_OBJC_BRIDGING_HEADER = "RxTravelHere/RxTravelHere-Bridging-Header.h";
				SWIFT_VERSION = 4.2;
				TARGETED_DEVICE_FAMILY = 1;
			};
			name = Release;
		};
		140ED13421AE884F00F1D1D2 /* Debug */ = {
			isa = XCBuildConfiguration;
			baseConfigurationReference = B25C77DA8BF828631ED9D2B6 /* Pods-RxTravelHereTests.debug.xcconfig */;
			buildSettings = {
				ALWAYS_EMBED_SWIFT_STANDARD_LIBRARIES = YES;
				BUNDLE_LOADER = "$(TEST_HOST)";
				CODE_SIGN_STYLE = Automatic;
				DEVELOPMENT_TEAM = 6426K9AWKV;
				INFOPLIST_FILE = RxTravelHereTests/Info.plist;
				LD_RUNPATH_SEARCH_PATHS = (
					"$(inherited)",
					"@executable_path/Frameworks",
					"@loader_path/Frameworks",
				);
				PRODUCT_BUNDLE_IDENTIFIER = cppteam.com.RxTravelHereTests;
				PRODUCT_NAME = "$(TARGET_NAME)";
				SWIFT_VERSION = 4.2;
				TARGETED_DEVICE_FAMILY = "1,2";
				TEST_HOST = "$(BUILT_PRODUCTS_DIR)/RxTravelHere.app/RxTravelHere";
			};
			name = Debug;
		};
		140ED13521AE884F00F1D1D2 /* Release */ = {
			isa = XCBuildConfiguration;
			baseConfigurationReference = B5FD19806AF7BC16A52C3DDE /* Pods-RxTravelHereTests.release.xcconfig */;
			buildSettings = {
				ALWAYS_EMBED_SWIFT_STANDARD_LIBRARIES = YES;
				BUNDLE_LOADER = "$(TEST_HOST)";
				CODE_SIGN_STYLE = Automatic;
				DEVELOPMENT_TEAM = 6426K9AWKV;
				INFOPLIST_FILE = RxTravelHereTests/Info.plist;
				LD_RUNPATH_SEARCH_PATHS = (
					"$(inherited)",
					"@executable_path/Frameworks",
					"@loader_path/Frameworks",
				);
				PRODUCT_BUNDLE_IDENTIFIER = cppteam.com.RxTravelHereTests;
				PRODUCT_NAME = "$(TARGET_NAME)";
				SWIFT_VERSION = 4.2;
				TARGETED_DEVICE_FAMILY = "1,2";
				TEST_HOST = "$(BUILT_PRODUCTS_DIR)/RxTravelHere.app/RxTravelHere";
			};
			name = Release;
		};
		140ED13721AE884F00F1D1D2 /* Debug */ = {
			isa = XCBuildConfiguration;
			baseConfigurationReference = 65D6934429BDCC4A3000AB81 /* Pods-RxTravelHereUITests.debug.xcconfig */;
			buildSettings = {
				ALWAYS_EMBED_SWIFT_STANDARD_LIBRARIES = YES;
				CODE_SIGN_STYLE = Automatic;
				DEVELOPMENT_TEAM = 6426K9AWKV;
				INFOPLIST_FILE = RxTravelHereUITests/Info.plist;
				LD_RUNPATH_SEARCH_PATHS = (
					"$(inherited)",
					"@executable_path/Frameworks",
					"@loader_path/Frameworks",
				);
				PRODUCT_BUNDLE_IDENTIFIER = cppteam.com.RxTravelHereUITests;
				PRODUCT_NAME = "$(TARGET_NAME)";
				SWIFT_VERSION = 4.2;
				TARGETED_DEVICE_FAMILY = "1,2";
				TEST_TARGET_NAME = RxTravelHere;
			};
			name = Debug;
		};
		140ED13821AE884F00F1D1D2 /* Release */ = {
			isa = XCBuildConfiguration;
			baseConfigurationReference = F814A33A9B186AE9F0AFD3ED /* Pods-RxTravelHereUITests.release.xcconfig */;
			buildSettings = {
				ALWAYS_EMBED_SWIFT_STANDARD_LIBRARIES = YES;
				CODE_SIGN_STYLE = Automatic;
				DEVELOPMENT_TEAM = 6426K9AWKV;
				INFOPLIST_FILE = RxTravelHereUITests/Info.plist;
				LD_RUNPATH_SEARCH_PATHS = (
					"$(inherited)",
					"@executable_path/Frameworks",
					"@loader_path/Frameworks",
				);
				PRODUCT_BUNDLE_IDENTIFIER = cppteam.com.RxTravelHereUITests;
				PRODUCT_NAME = "$(TARGET_NAME)";
				SWIFT_VERSION = 4.2;
				TARGETED_DEVICE_FAMILY = "1,2";
				TEST_TARGET_NAME = RxTravelHere;
			};
			name = Release;
		};
/* End XCBuildConfiguration section */

/* Begin XCConfigurationList section */
		140ED10321AE884E00F1D1D2 /* Build configuration list for PBXProject "RxTravelHere" */ = {
			isa = XCConfigurationList;
			buildConfigurations = (
				140ED12E21AE884F00F1D1D2 /* Debug */,
				140ED12F21AE884F00F1D1D2 /* Release */,
			);
			defaultConfigurationIsVisible = 0;
			defaultConfigurationName = Release;
		};
		140ED13021AE884F00F1D1D2 /* Build configuration list for PBXNativeTarget "RxTravelHere" */ = {
			isa = XCConfigurationList;
			buildConfigurations = (
				140ED13121AE884F00F1D1D2 /* Debug */,
				140ED13221AE884F00F1D1D2 /* Release */,
			);
			defaultConfigurationIsVisible = 0;
			defaultConfigurationName = Release;
		};
		140ED13321AE884F00F1D1D2 /* Build configuration list for PBXNativeTarget "RxTravelHereTests" */ = {
			isa = XCConfigurationList;
			buildConfigurations = (
				140ED13421AE884F00F1D1D2 /* Debug */,
				140ED13521AE884F00F1D1D2 /* Release */,
			);
			defaultConfigurationIsVisible = 0;
			defaultConfigurationName = Release;
		};
		140ED13621AE884F00F1D1D2 /* Build configuration list for PBXNativeTarget "RxTravelHereUITests" */ = {
			isa = XCConfigurationList;
			buildConfigurations = (
				140ED13721AE884F00F1D1D2 /* Debug */,
				140ED13821AE884F00F1D1D2 /* Release */,
			);
			defaultConfigurationIsVisible = 0;
			defaultConfigurationName = Release;
		};
/* End XCConfigurationList section */
	};
	rootObject = 140ED10021AE884E00F1D1D2 /* Project object */;
}
