PODS:
  - Alamofire (4.7.3)
  - AMap3DMap (6.5.0):
    - AMapFoundation (~> 1.5)
  - AMapFoundation (1.5.5)
  - Differentiator (3.1.0)
  - Kingfisher (4.10.0)
  - MJRefresh (3.1.15.7)
  - Moya/Core (11.0.2):
    - Alamofire (~> 4.1)
    - Result (~> 3.0)
  - Moya/RxSwift (11.0.2):
    - Moya/Core
    - RxSwift (~> 4.0)
  - Result (3.2.4)
  - RxCocoa (4.3.1):
    - RxSwift (~> 4.0)
  - RxDataSources (3.1.0):
    - Differentiator (~> 3.0)
    - RxCocoa (~> 4.0)
    - RxSwift (~> 4.0)
  - RxSwift (4.3.1)
  - SnapKit (4.2.0)
  - SVProgressHUD (2.2.5)

DEPENDENCIES:
  - AMap3DMap (~> 6.5.0)
  - Kingfisher (~> 4.10.0)
  - MJRefresh (~> 3.1.15.7)
  - Moya/RxSwift
  - RxCocoa (~> 4.3.1)
  - RxDataSources
  - RxSwift (~> 4.3.1)
  - SnapKit (~> 4.2.0)
  - SVProgressHUD (~> 2.2.5)

SPEC REPOS:
  https://github.com/CocoaPods/Specs.git:
    - Alamofire
    - AMap3DMap
    - AMapFoundation
    - Differentiator
    - Kingfisher
    - MJRefresh
    - Moya
    - Result
    - RxCocoa
    - RxDataSources
    - RxSwift
    - SnapKit
    - SVProgressHUD

SPEC CHECKSUMS:
  Alamofire: c7287b6e5d7da964a70935e5db17046b7fde6568
  AMap3DMap: cbe10cc4302ac3f2817ef4221e1259d7e18d1c2f
  AMapFoundation: 652bd70ba579f48a98bdf0c74d6e62a89a06ca58
  Differentiator: be49ca3408f0ecfc761e4c7763d20c62be01b9ad
  Kingfisher: 43c4b802d8b5256cf1f4379e9cd10b329be6d3e2
  MJRefresh: 697f8ec75ebdbe9207767bb682cf0f51b0d8a41f
  Moya: a725035953bc1c0eb1be505ab903984501d82440
  Result: d2d07204ce72856f1fd9130bbe42c35a7b0fea10
  RxCocoa: 78763c7b07d02455598d9fc3c1ad091a28b73635
  RxDataSources: a843bad90c29817f5923ec8163f4af2de084ceb3
  RxSwift: fe0fd770a43acdb7d0a53da411c9b892e69bb6e4
  SnapKit: fe8a619752f3f27075cc9a90244d75c6c3f27e2a
  SVProgressHUD: 1428aafac632c1f86f62aa4243ec12008d7a51d6

PODFILE CHECKSUM: 0cc2ad5a401057bf8bc8a5d82875ed8779d31875

COCOAPODS: 1.5.0
